PODS:
  - ACKategories (3.0.0)
  - Nimble (3.2.0)
  - Quick (0.9.3)

DEPENDENCIES:
  - ACKategories (from `../`)
  - Nimble (~> 3.0)
  - Quick (~> 0.8)

EXTERNAL SOURCES:
  ACKategories:
    :path: "../"

SPEC CHECKSUMS:
  ACKategories: 2f4797812f2692293d60140ced74f242b379ed8f
  Nimble: 703854335d181df169bbca9c97117b5cf8c47c1d
  Quick: 13a2a2b19a5d8e3ed4fd0c36ee46597fd77ebf71

PODFILE CHECKSUM: 7319cec11f77d754bad78f0cf33b7cf176ff9e51

COCOAPODS: 1.0.1
