PODS:
  - ACKategories (5.0.0)
  - Nimble (7.0.2)
  - Quick (0.10.0)

DEPENDENCIES:
  - ACKategories (from `../`)
  - Nimble (~> 7.0)
  - Quick (~> 0.10)

EXTERNAL SOURCES:
  ACKategories:
    :path: ../

SPEC CHECKSUMS:
  ACKategories: 6634e7cbdaf5b3593367469c958ecfa24eaaec4b
  Nimble: bfe1f814edabba69ff145cb1283e04ed636a67f2
  Quick: 5d290df1c69d5ee2f0729956dcf0fd9a30447eaa

PODFILE CHECKSUM: d1c07d2cea4c9f0248b8bedc935bd5a8a080b31c

COCOAPODS: 1.3.1
