// !$*UTF8*$!
{
	archiveVersion = 1;
	classes = {
	};
	objectVersion = 52;
	objects = {

/* Begin PBXAggregateTarget section */
		69EB1E9D2498CDE900AF815F /* SwiftLint */ = {
			isa = PBXAggregateTarget;
			buildConfigurationList = 69EB1EA02498CDE900AF815F /* Build configuration list for PBXAggregateTarget "SwiftLint" */;
			buildPhases = (
				69EB1EA12498CDEF00AF815F /* ShellScript */,
			);
			dependencies = (
			);
			name = SwiftLint;
			productName = SwiftLint;
		};
/* End PBXAggregateTarget section */

/* Begin PBXBuildFile section */
		6950962523C7740B00E8F457 /* ViewModel.swift in Sources */ = {isa = PBXBuildFile; fileRef = 6950962223C7740A00E8F457 /* ViewModel.swift */; };
		6950962623C7740B00E8F457 /* ViewModel.swift in Sources */ = {isa = PBXBuildFile; fileRef = 6950962223C7740A00E8F457 /* ViewModel.swift */; };
		6950962723C7740B00E8F457 /* Base.swift in Sources */ = {isa = PBXBuildFile; fileRef = 6950962323C7740A00E8F457 /* Base.swift */; };
		6950962823C7740B00E8F457 /* Base.swift in Sources */ = {isa = PBXBuildFile; fileRef = 6950962323C7740A00E8F457 /* Base.swift */; };
		6950962923C7740B00E8F457 /* Logger.swift in Sources */ = {isa = PBXBuildFile; fileRef = 6950962423C7740B00E8F457 /* Logger.swift */; };
		6950962A23C7740B00E8F457 /* Logger.swift in Sources */ = {isa = PBXBuildFile; fileRef = 6950962423C7740B00E8F457 /* Logger.swift */; };
		6950962E23C7747800E8F457 /* FlowCoordinator.swift in Sources */ = {isa = PBXBuildFile; fileRef = 6950962C23C7747800E8F457 /* FlowCoordinator.swift */; };
		6950962F23C7747800E8F457 /* ViewController.swift in Sources */ = {isa = PBXBuildFile; fileRef = 6950962D23C7747800E8F457 /* ViewController.swift */; };
		6950963223C7748D00E8F457 /* ArrayExtensions.swift in Sources */ = {isa = PBXBuildFile; fileRef = 6950963123C7748D00E8F457 /* ArrayExtensions.swift */; };
		6950963323C7748D00E8F457 /* ArrayExtensions.swift in Sources */ = {isa = PBXBuildFile; fileRef = 6950963123C7748D00E8F457 /* ArrayExtensions.swift */; };
		6950963C23C774DB00E8F457 /* DictionaryExtensions.swift in Sources */ = {isa = PBXBuildFile; fileRef = 6950963623C774DB00E8F457 /* DictionaryExtensions.swift */; };
		6950963D23C774DB00E8F457 /* DictionaryExtensions.swift in Sources */ = {isa = PBXBuildFile; fileRef = 6950963623C774DB00E8F457 /* DictionaryExtensions.swift */; };
		6950963E23C774DB00E8F457 /* CollectionExtensions.swift in Sources */ = {isa = PBXBuildFile; fileRef = 6950963723C774DB00E8F457 /* CollectionExtensions.swift */; };
		6950963F23C774DB00E8F457 /* CollectionExtensions.swift in Sources */ = {isa = PBXBuildFile; fileRef = 6950963723C774DB00E8F457 /* CollectionExtensions.swift */; };
		6950964023C774DB00E8F457 /* DateFormatting.swift in Sources */ = {isa = PBXBuildFile; fileRef = 6950963823C774DB00E8F457 /* DateFormatting.swift */; };
		6950964123C774DB00E8F457 /* DateFormatting.swift in Sources */ = {isa = PBXBuildFile; fileRef = 6950963823C774DB00E8F457 /* DateFormatting.swift */; };
		6950964223C774DB00E8F457 /* DateExtensions.swift in Sources */ = {isa = PBXBuildFile; fileRef = 6950963923C774DB00E8F457 /* DateExtensions.swift */; };
		6950964323C774DB00E8F457 /* DateExtensions.swift in Sources */ = {isa = PBXBuildFile; fileRef = 6950963923C774DB00E8F457 /* DateExtensions.swift */; };
		6950964423C774DB00E8F457 /* ConditionalAssignment.swift in Sources */ = {isa = PBXBuildFile; fileRef = 6950963A23C774DB00E8F457 /* ConditionalAssignment.swift */; };
		6950964523C774DB00E8F457 /* ConditionalAssignment.swift in Sources */ = {isa = PBXBuildFile; fileRef = 6950963A23C774DB00E8F457 /* ConditionalAssignment.swift */; };
		6950964623C774DB00E8F457 /* BundleExtensions.swift in Sources */ = {isa = PBXBuildFile; fileRef = 6950963B23C774DB00E8F457 /* BundleExtensions.swift */; };
		6950964723C774DB00E8F457 /* BundleExtensions.swift in Sources */ = {isa = PBXBuildFile; fileRef = 6950963B23C774DB00E8F457 /* BundleExtensions.swift */; };
		6950964923C7751600E8F457 /* GradientView.swift in Sources */ = {isa = PBXBuildFile; fileRef = 6950964823C7751600E8F457 /* GradientView.swift */; };
		6950964B23C7751E00E8F457 /* NSAttributedStringExtensions.swift in Sources */ = {isa = PBXBuildFile; fileRef = 6950964A23C7751E00E8F457 /* NSAttributedStringExtensions.swift */; };
		6950964C23C7751E00E8F457 /* NSAttributedStringExtensions.swift in Sources */ = {isa = PBXBuildFile; fileRef = 6950964A23C7751E00E8F457 /* NSAttributedStringExtensions.swift */; };
		6950964E23C7752B00E8F457 /* NSMutableParagraphStyleExtensions.swift in Sources */ = {isa = PBXBuildFile; fileRef = 6950964D23C7752B00E8F457 /* NSMutableParagraphStyleExtensions.swift */; };
		6950965023C7753500E8F457 /* NumberFormatterExtensions.swift in Sources */ = {isa = PBXBuildFile; fileRef = 6950964F23C7753500E8F457 /* NumberFormatterExtensions.swift */; };
		6950965123C7753500E8F457 /* NumberFormatterExtensions.swift in Sources */ = {isa = PBXBuildFile; fileRef = 6950964F23C7753500E8F457 /* NumberFormatterExtensions.swift */; };
		6950965423C7753D00E8F457 /* ReusableView.swift in Sources */ = {isa = PBXBuildFile; fileRef = 6950965223C7753D00E8F457 /* ReusableView.swift */; };
		6950965623C7754D00E8F457 /* Reusable.swift in Sources */ = {isa = PBXBuildFile; fileRef = 6950965523C7754D00E8F457 /* Reusable.swift */; };
		6950965723C7754D00E8F457 /* Reusable.swift in Sources */ = {isa = PBXBuildFile; fileRef = 6950965523C7754D00E8F457 /* Reusable.swift */; };
		6950965923C78AB900E8F457 /* StringExtensions.swift in Sources */ = {isa = PBXBuildFile; fileRef = 6950965823C78AB900E8F457 /* StringExtensions.swift */; };
		6950965A23C78AB900E8F457 /* StringExtensions.swift in Sources */ = {isa = PBXBuildFile; fileRef = 6950965823C78AB900E8F457 /* StringExtensions.swift */; };
		6950966A23C78AC900E8F457 /* UIControl+Blocks.swift in Sources */ = {isa = PBXBuildFile; fileRef = 6950965B23C78AC800E8F457 /* UIControl+Blocks.swift */; };
		6950966B23C78AC900E8F457 /* UIDeviceExtensions.swift in Sources */ = {isa = PBXBuildFile; fileRef = 6950965C23C78AC800E8F457 /* UIDeviceExtensions.swift */; };
		6950966C23C78AC900E8F457 /* UISearchBarExtensions.swift in Sources */ = {isa = PBXBuildFile; fileRef = 6950965D23C78AC800E8F457 /* UISearchBarExtensions.swift */; };
		6950966D23C78AC900E8F457 /* UIColorExtensions.swift in Sources */ = {isa = PBXBuildFile; fileRef = 6950965E23C78AC800E8F457 /* UIColorExtensions.swift */; };
		6950966E23C78AC900E8F457 /* UIImageExtensions.swift in Sources */ = {isa = PBXBuildFile; fileRef = 6950965F23C78AC800E8F457 /* UIImageExtensions.swift */; };
		6950966F23C78AC900E8F457 /* UIApplicationExtensions.swift in Sources */ = {isa = PBXBuildFile; fileRef = 6950966023C78AC800E8F457 /* UIApplicationExtensions.swift */; };
		6950967023C78AC900E8F457 /* UIControlEvents.swift in Sources */ = {isa = PBXBuildFile; fileRef = 6950966123C78AC800E8F457 /* UIControlEvents.swift */; };
		6950967123C78AC900E8F457 /* UILabelExtensions.swift in Sources */ = {isa = PBXBuildFile; fileRef = 6950966223C78AC800E8F457 /* UILabelExtensions.swift */; };
		6950967223C78AC900E8F457 /* UIViewExtensions.swift in Sources */ = {isa = PBXBuildFile; fileRef = 6950966323C78AC800E8F457 /* UIViewExtensions.swift */; };
		6950967323C78AC900E8F457 /* UIButtonExtensions.swift in Sources */ = {isa = PBXBuildFile; fileRef = 6950966423C78AC800E8F457 /* UIButtonExtensions.swift */; };
		6950967423C78AC900E8F457 /* UIView+SafeAreaCompat.swift in Sources */ = {isa = PBXBuildFile; fileRef = 6950966523C78AC800E8F457 /* UIView+SafeAreaCompat.swift */; };
		6950967523C78AC900E8F457 /* TableHeaderFooterView.swift in Sources */ = {isa = PBXBuildFile; fileRef = 6950966623C78AC800E8F457 /* TableHeaderFooterView.swift */; };
		6950967623C78AC900E8F457 /* UIViewController+SafeAreaCompat.swift in Sources */ = {isa = PBXBuildFile; fileRef = 6950966723C78AC800E8F457 /* UIViewController+SafeAreaCompat.swift */; };
		6950967723C78AC900E8F457 /* UIStackViewExtensions.swift in Sources */ = {isa = PBXBuildFile; fileRef = 6950966823C78AC900E8F457 /* UIStackViewExtensions.swift */; };
		6950967823C78AC900E8F457 /* UIViewController+Children.swift in Sources */ = {isa = PBXBuildFile; fileRef = 6950966923C78AC900E8F457 /* UIViewController+Children.swift */; };
		6950967A23C78AD100E8F457 /* UserDefaultsExtensions.swift in Sources */ = {isa = PBXBuildFile; fileRef = 6950967923C78AD000E8F457 /* UserDefaultsExtensions.swift */; };
		6950968C23C78AE100E8F457 /* UserDefaultsExtensions.swift in Sources */ = {isa = PBXBuildFile; fileRef = 6950967923C78AD000E8F457 /* UserDefaultsExtensions.swift */; };
		6950969923C78CC200E8F457 /* ColorTests.swift in Sources */ = {isa = PBXBuildFile; fileRef = 6950968D23C78CC200E8F457 /* ColorTests.swift */; };
		6950969F23C78CC200E8F457 /* UIViewControllerChildrenTests.swift in Sources */ = {isa = PBXBuildFile; fileRef = 6950969023C78CC200E8F457 /* UIViewControllerChildrenTests.swift */; };
		695096A123C78CC200E8F457 /* UIStackViewTests.swift in Sources */ = {isa = PBXBuildFile; fileRef = 6950969123C78CC200E8F457 /* UIStackViewTests.swift */; };
		695096A523C78CC200E8F457 /* UIViewTests.swift in Sources */ = {isa = PBXBuildFile; fileRef = 6950969323C78CC200E8F457 /* UIViewTests.swift */; };
		695096A723C78CC200E8F457 /* ControlBlocksTests.swift in Sources */ = {isa = PBXBuildFile; fileRef = 6950969423C78CC200E8F457 /* ControlBlocksTests.swift */; };
		695096AE23C78E2200E8F457 /* ArrayTests.swift in Sources */ = {isa = PBXBuildFile; fileRef = 6950969723C78CC200E8F457 /* ArrayTests.swift */; };
		695096AF23C78E2200E8F457 /* CollectionTests.swift in Sources */ = {isa = PBXBuildFile; fileRef = 6950968F23C78CC200E8F457 /* CollectionTests.swift */; };
		695096B023C78E2200E8F457 /* ConditionalAssignmentTests.swift in Sources */ = {isa = PBXBuildFile; fileRef = 6950968E23C78CC200E8F457 /* ConditionalAssignmentTests.swift */; };
		695096B123C78E2200E8F457 /* DateFormattingTests.swift in Sources */ = {isa = PBXBuildFile; fileRef = 6950969523C78CC200E8F457 /* DateFormattingTests.swift */; };
		695096B223C78E2200E8F457 /* FoundationTests.swift in Sources */ = {isa = PBXBuildFile; fileRef = 6950969223C78CC200E8F457 /* FoundationTests.swift */; };
		695096B323C78E2200E8F457 /* StringTests.swift in Sources */ = {isa = PBXBuildFile; fileRef = 6950969623C78CC200E8F457 /* StringTests.swift */; };
		695096EC23C790A100E8F457 /* SnapKit.framework in Frameworks */ = {isa = PBXBuildFile; fileRef = 695096B523C78F6600E8F457 /* SnapKit.framework */; };
		695096EF23C790A900E8F457 /* ACKategories.framework in Frameworks */ = {isa = PBXBuildFile; fileRef = 69E81A0723C773370054687B /* ACKategories.framework */; };
		695096F023C790A900E8F457 /* ACKategories.framework in Embed Frameworks */ = {isa = PBXBuildFile; fileRef = 69E81A0723C773370054687B /* ACKategories.framework */; settings = {ATTRIBUTES = (CodeSignOnCopy, RemoveHeadersOnCopy, ); }; };
		696DF854245304F400A6AC69 /* ReusableViewTests.swift in Sources */ = {isa = PBXBuildFile; fileRef = 696DF853245304F400A6AC69 /* ReusableViewTests.swift */; };
		69E819F423C773240054687B /* ACKategoriesCore.framework in Frameworks */ = {isa = PBXBuildFile; fileRef = 69E819EA23C773240054687B /* ACKategoriesCore.framework */; };
		69E819FB23C773240054687B /* ACKategoriesCore.h in Headers */ = {isa = PBXBuildFile; fileRef = 69E819ED23C773240054687B /* ACKategoriesCore.h */; settings = {ATTRIBUTES = (Public, ); }; };
		69E81A1023C773370054687B /* ACKategories.framework in Frameworks */ = {isa = PBXBuildFile; fileRef = 69E81A0723C773370054687B /* ACKategories.framework */; platformFilter = ios; };
		69E81A1723C773370054687B /* ACKategories_iOS.h in Headers */ = {isa = PBXBuildFile; fileRef = 69E81A0923C773370054687B /* ACKategories_iOS.h */; settings = {ATTRIBUTES = (Public, ); }; };
		69FA5FAD23C868A900B44BCD /* Assets.xcassets in Resources */ = {isa = PBXBuildFile; fileRef = 69FA5F9023C868A900B44BCD /* Assets.xcassets */; };
		69FA5FAE23C868A900B44BCD /* UIControlBlocksViewController.swift in Sources */ = {isa = PBXBuildFile; fileRef = 69FA5F9323C868A900B44BCD /* UIControlBlocksViewController.swift */; };
		69FA5FAF23C868A900B44BCD /* TitleViewController.swift in Sources */ = {isa = PBXBuildFile; fileRef = 69FA5F9523C868A900B44BCD /* TitleViewController.swift */; };
		69FA5FB023C868A900B44BCD /* VCCompositionViewController.swift in Sources */ = {isa = PBXBuildFile; fileRef = 69FA5F9623C868A900B44BCD /* VCCompositionViewController.swift */; };
		69FA5FB123C868A900B44BCD /* MapViewController.swift in Sources */ = {isa = PBXBuildFile; fileRef = 69FA5F9823C868A900B44BCD /* MapViewController.swift */; };
		69FA5FB223C868A900B44BCD /* MapViewModel.swift in Sources */ = {isa = PBXBuildFile; fileRef = 69FA5F9923C868A900B44BCD /* MapViewModel.swift */; };
		69FA5FB323C868A900B44BCD /* ExampleListViewController.swift in Sources */ = {isa = PBXBuildFile; fileRef = 69FA5F9B23C868A900B44BCD /* ExampleListViewController.swift */; };
		69FA5FB423C868A900B44BCD /* ExampleListViewModel.swift in Sources */ = {isa = PBXBuildFile; fileRef = 69FA5F9C23C868A900B44BCD /* ExampleListViewModel.swift */; };
		69FA5FB523C868A900B44BCD /* ModalViewController.swift in Sources */ = {isa = PBXBuildFile; fileRef = 69FA5F9E23C868A900B44BCD /* ModalViewController.swift */; };
		69FA5FB623C868A900B44BCD /* BaseViewController.swift in Sources */ = {isa = PBXBuildFile; fileRef = 69FA5FA023C868A900B44BCD /* BaseViewController.swift */; };
		69FA5FB823C868A900B44BCD /* AppDelegate.swift in Sources */ = {isa = PBXBuildFile; fileRef = 69FA5FA223C868A900B44BCD /* AppDelegate.swift */; };
		69FA5FBA23C868A900B44BCD /* TitleSubtitleTableViewCell.swift in Sources */ = {isa = PBXBuildFile; fileRef = 69FA5FA723C868A900B44BCD /* TitleSubtitleTableViewCell.swift */; };
		69FA5FBB23C868A900B44BCD /* ExampleItem.swift in Sources */ = {isa = PBXBuildFile; fileRef = 69FA5FA923C868A900B44BCD /* ExampleItem.swift */; };
		69FA5FBC23C868A900B44BCD /* AppFlowCoordinator.swift in Sources */ = {isa = PBXBuildFile; fileRef = 69FA5FAB23C868A900B44BCD /* AppFlowCoordinator.swift */; };
		69FA5FBD23C868A900B44BCD /* ModalFlowCoordinator.swift in Sources */ = {isa = PBXBuildFile; fileRef = 69FA5FAC23C868A900B44BCD /* ModalFlowCoordinator.swift */; };
		69FA5FC223C8690A00B44BCD /* LaunchScreen.storyboard in Resources */ = {isa = PBXBuildFile; fileRef = 69FA5FC123C8690A00B44BCD /* LaunchScreen.storyboard */; };
		F885BD98245AC4240071073D /* Date+Random.swift in Sources */ = {isa = PBXBuildFile; fileRef = F885BD95245AC4240071073D /* Date+Random.swift */; };
		F885BD99245AC4240071073D /* String+Random.swift in Sources */ = {isa = PBXBuildFile; fileRef = F885BD96245AC4240071073D /* String+Random.swift */; };
		F885BD9A245AC4240071073D /* Int+Random.swift in Sources */ = {isa = PBXBuildFile; fileRef = F885BD97245AC4240071073D /* Int+Random.swift */; };
		F885BD9F245AC43A0071073D /* DateRandomTests.swift in Sources */ = {isa = PBXBuildFile; fileRef = F885BD9C245AC43A0071073D /* DateRandomTests.swift */; };
		F885BDA0245AC43A0071073D /* IntRandomTests.swift in Sources */ = {isa = PBXBuildFile; fileRef = F885BD9D245AC43A0071073D /* IntRandomTests.swift */; };
		F885BDA1245AC43A0071073D /* StringRandomTests.swift in Sources */ = {isa = PBXBuildFile; fileRef = F885BD9E245AC43A0071073D /* StringRandomTests.swift */; };
		F885BDA3245ACD010071073D /* Randomizable.swift in Sources */ = {isa = PBXBuildFile; fileRef = F885BDA2245ACD010071073D /* Randomizable.swift */; };
		F8B81694246C59F7005D1D74 /* Date+Random.swift in Sources */ = {isa = PBXBuildFile; fileRef = F885BD95245AC4240071073D /* Date+Random.swift */; };
		F8B81695246C59F7005D1D74 /* Randomizable.swift in Sources */ = {isa = PBXBuildFile; fileRef = F885BDA2245ACD010071073D /* Randomizable.swift */; };
		F8B81696246C59F7005D1D74 /* String+Random.swift in Sources */ = {isa = PBXBuildFile; fileRef = F885BD96245AC4240071073D /* String+Random.swift */; };
		F8B81697246C59F7005D1D74 /* Int+Random.swift in Sources */ = {isa = PBXBuildFile; fileRef = F885BD97245AC4240071073D /* Int+Random.swift */; };
		F8E398C52493A2DF0063256A /* UserDefault.swift in Sources */ = {isa = PBXBuildFile; fileRef = F8E398C42493A2DF0063256A /* UserDefault.swift */; };
		F8E398C62493A2DF0063256A /* UserDefault.swift in Sources */ = {isa = PBXBuildFile; fileRef = F8E398C42493A2DF0063256A /* UserDefault.swift */; };
		F8EB37462493A5B50072525E /* UserDefaultTests.swift in Sources */ = {isa = PBXBuildFile; fileRef = F8EB37452493A5B50072525E /* UserDefaultTests.swift */; };
/* End PBXBuildFile section */

/* Begin PBXContainerItemProxy section */
		695096F123C790A900E8F457 /* PBXContainerItemProxy */ = {
			isa = PBXContainerItemProxy;
			containerPortal = 69E819DF23C773010054687B /* Project object */;
			proxyType = 1;
			remoteGlobalIDString = 69E81A0623C773370054687B;
			remoteInfo = "ACKategories-iOS";
		};
		69BBA2F623C790FD00B5DDB7 /* PBXContainerItemProxy */ = {
			isa = PBXContainerItemProxy;
			containerPortal = 69E819DF23C773010054687B /* Project object */;
			proxyType = 1;
			remoteGlobalIDString = 695096D723C7908B00E8F457;
			remoteInfo = ACKategoriesExample;
		};
		69E819F523C773240054687B /* PBXContainerItemProxy */ = {
			isa = PBXContainerItemProxy;
			containerPortal = 69E819DF23C773010054687B /* Project object */;
			proxyType = 1;
			remoteGlobalIDString = 69E819E923C773240054687B;
			remoteInfo = ACKategoriesCore;
		};
		69E81A1123C773370054687B /* PBXContainerItemProxy */ = {
			isa = PBXContainerItemProxy;
			containerPortal = 69E819DF23C773010054687B /* Project object */;
			proxyType = 1;
			remoteGlobalIDString = 69E81A0623C773370054687B;
			remoteInfo = "ACKategories-iOS";
		};
		69EB1EA22498CDFB00AF815F /* PBXContainerItemProxy */ = {
			isa = PBXContainerItemProxy;
			containerPortal = 69E819DF23C773010054687B /* Project object */;
			proxyType = 1;
			remoteGlobalIDString = 69EB1E9D2498CDE900AF815F;
			remoteInfo = SwiftLint;
		};
		69EB1EA42498CE0000AF815F /* PBXContainerItemProxy */ = {
			isa = PBXContainerItemProxy;
			containerPortal = 69E819DF23C773010054687B /* Project object */;
			proxyType = 1;
			remoteGlobalIDString = 69EB1E9D2498CDE900AF815F;
			remoteInfo = SwiftLint;
		};
/* End PBXContainerItemProxy section */

/* Begin PBXCopyFilesBuildPhase section */
		695096F323C790A900E8F457 /* Embed Frameworks */ = {
			isa = PBXCopyFilesBuildPhase;
			buildActionMask = 2147483647;
			dstPath = "";
			dstSubfolderSpec = 10;
			files = (
				695096F023C790A900E8F457 /* ACKategories.framework in Embed Frameworks */,
			);
			name = "Embed Frameworks";
			runOnlyForDeploymentPostprocessing = 0;
		};
/* End PBXCopyFilesBuildPhase section */

/* Begin PBXFileReference section */
		6950962223C7740A00E8F457 /* ViewModel.swift */ = {isa = PBXFileReference; fileEncoding = 4; lastKnownFileType = sourcecode.swift; path = ViewModel.swift; sourceTree = "<group>"; };
		6950962323C7740A00E8F457 /* Base.swift */ = {isa = PBXFileReference; fileEncoding = 4; lastKnownFileType = sourcecode.swift; path = Base.swift; sourceTree = "<group>"; };
		6950962423C7740B00E8F457 /* Logger.swift */ = {isa = PBXFileReference; fileEncoding = 4; lastKnownFileType = sourcecode.swift; path = Logger.swift; sourceTree = "<group>"; };
		6950962C23C7747800E8F457 /* FlowCoordinator.swift */ = {isa = PBXFileReference; fileEncoding = 4; lastKnownFileType = sourcecode.swift; path = FlowCoordinator.swift; sourceTree = "<group>"; };
		6950962D23C7747800E8F457 /* ViewController.swift */ = {isa = PBXFileReference; fileEncoding = 4; lastKnownFileType = sourcecode.swift; path = ViewController.swift; sourceTree = "<group>"; };
		6950963123C7748D00E8F457 /* ArrayExtensions.swift */ = {isa = PBXFileReference; fileEncoding = 4; lastKnownFileType = sourcecode.swift; path = ArrayExtensions.swift; sourceTree = "<group>"; };
		6950963623C774DB00E8F457 /* DictionaryExtensions.swift */ = {isa = PBXFileReference; fileEncoding = 4; lastKnownFileType = sourcecode.swift; path = DictionaryExtensions.swift; sourceTree = "<group>"; };
		6950963723C774DB00E8F457 /* CollectionExtensions.swift */ = {isa = PBXFileReference; fileEncoding = 4; lastKnownFileType = sourcecode.swift; path = CollectionExtensions.swift; sourceTree = "<group>"; };
		6950963823C774DB00E8F457 /* DateFormatting.swift */ = {isa = PBXFileReference; fileEncoding = 4; lastKnownFileType = sourcecode.swift; path = DateFormatting.swift; sourceTree = "<group>"; };
		6950963923C774DB00E8F457 /* DateExtensions.swift */ = {isa = PBXFileReference; fileEncoding = 4; lastKnownFileType = sourcecode.swift; path = DateExtensions.swift; sourceTree = "<group>"; };
		6950963A23C774DB00E8F457 /* ConditionalAssignment.swift */ = {isa = PBXFileReference; fileEncoding = 4; lastKnownFileType = sourcecode.swift; path = ConditionalAssignment.swift; sourceTree = "<group>"; };
		6950963B23C774DB00E8F457 /* BundleExtensions.swift */ = {isa = PBXFileReference; fileEncoding = 4; lastKnownFileType = sourcecode.swift; path = BundleExtensions.swift; sourceTree = "<group>"; };
		6950964823C7751600E8F457 /* GradientView.swift */ = {isa = PBXFileReference; fileEncoding = 4; lastKnownFileType = sourcecode.swift; path = GradientView.swift; sourceTree = "<group>"; };
		6950964A23C7751E00E8F457 /* NSAttributedStringExtensions.swift */ = {isa = PBXFileReference; fileEncoding = 4; lastKnownFileType = sourcecode.swift; path = NSAttributedStringExtensions.swift; sourceTree = "<group>"; };
		6950964D23C7752B00E8F457 /* NSMutableParagraphStyleExtensions.swift */ = {isa = PBXFileReference; fileEncoding = 4; lastKnownFileType = sourcecode.swift; path = NSMutableParagraphStyleExtensions.swift; sourceTree = "<group>"; };
		6950964F23C7753500E8F457 /* NumberFormatterExtensions.swift */ = {isa = PBXFileReference; fileEncoding = 4; lastKnownFileType = sourcecode.swift; path = NumberFormatterExtensions.swift; sourceTree = "<group>"; };
		6950965223C7753D00E8F457 /* ReusableView.swift */ = {isa = PBXFileReference; fileEncoding = 4; lastKnownFileType = sourcecode.swift; path = ReusableView.swift; sourceTree = "<group>"; };
		6950965523C7754D00E8F457 /* Reusable.swift */ = {isa = PBXFileReference; lastKnownFileType = sourcecode.swift; path = Reusable.swift; sourceTree = "<group>"; };
		6950965823C78AB900E8F457 /* StringExtensions.swift */ = {isa = PBXFileReference; fileEncoding = 4; lastKnownFileType = sourcecode.swift; path = StringExtensions.swift; sourceTree = "<group>"; };
		6950965B23C78AC800E8F457 /* UIControl+Blocks.swift */ = {isa = PBXFileReference; fileEncoding = 4; lastKnownFileType = sourcecode.swift; path = "UIControl+Blocks.swift"; sourceTree = "<group>"; };
		6950965C23C78AC800E8F457 /* UIDeviceExtensions.swift */ = {isa = PBXFileReference; fileEncoding = 4; lastKnownFileType = sourcecode.swift; path = UIDeviceExtensions.swift; sourceTree = "<group>"; };
		6950965D23C78AC800E8F457 /* UISearchBarExtensions.swift */ = {isa = PBXFileReference; fileEncoding = 4; lastKnownFileType = sourcecode.swift; path = UISearchBarExtensions.swift; sourceTree = "<group>"; };
		6950965E23C78AC800E8F457 /* UIColorExtensions.swift */ = {isa = PBXFileReference; fileEncoding = 4; lastKnownFileType = sourcecode.swift; path = UIColorExtensions.swift; sourceTree = "<group>"; };
		6950965F23C78AC800E8F457 /* UIImageExtensions.swift */ = {isa = PBXFileReference; fileEncoding = 4; lastKnownFileType = sourcecode.swift; path = UIImageExtensions.swift; sourceTree = "<group>"; };
		6950966023C78AC800E8F457 /* UIApplicationExtensions.swift */ = {isa = PBXFileReference; fileEncoding = 4; lastKnownFileType = sourcecode.swift; path = UIApplicationExtensions.swift; sourceTree = "<group>"; };
		6950966123C78AC800E8F457 /* UIControlEvents.swift */ = {isa = PBXFileReference; fileEncoding = 4; lastKnownFileType = sourcecode.swift; path = UIControlEvents.swift; sourceTree = "<group>"; };
		6950966223C78AC800E8F457 /* UILabelExtensions.swift */ = {isa = PBXFileReference; fileEncoding = 4; lastKnownFileType = sourcecode.swift; path = UILabelExtensions.swift; sourceTree = "<group>"; };
		6950966323C78AC800E8F457 /* UIViewExtensions.swift */ = {isa = PBXFileReference; fileEncoding = 4; lastKnownFileType = sourcecode.swift; path = UIViewExtensions.swift; sourceTree = "<group>"; };
		6950966423C78AC800E8F457 /* UIButtonExtensions.swift */ = {isa = PBXFileReference; fileEncoding = 4; lastKnownFileType = sourcecode.swift; path = UIButtonExtensions.swift; sourceTree = "<group>"; };
		6950966523C78AC800E8F457 /* UIView+SafeAreaCompat.swift */ = {isa = PBXFileReference; fileEncoding = 4; lastKnownFileType = sourcecode.swift; path = "UIView+SafeAreaCompat.swift"; sourceTree = "<group>"; };
		6950966623C78AC800E8F457 /* TableHeaderFooterView.swift */ = {isa = PBXFileReference; fileEncoding = 4; lastKnownFileType = sourcecode.swift; path = TableHeaderFooterView.swift; sourceTree = "<group>"; };
		6950966723C78AC800E8F457 /* UIViewController+SafeAreaCompat.swift */ = {isa = PBXFileReference; fileEncoding = 4; lastKnownFileType = sourcecode.swift; path = "UIViewController+SafeAreaCompat.swift"; sourceTree = "<group>"; };
		6950966823C78AC900E8F457 /* UIStackViewExtensions.swift */ = {isa = PBXFileReference; fileEncoding = 4; lastKnownFileType = sourcecode.swift; path = UIStackViewExtensions.swift; sourceTree = "<group>"; };
		6950966923C78AC900E8F457 /* UIViewController+Children.swift */ = {isa = PBXFileReference; fileEncoding = 4; lastKnownFileType = sourcecode.swift; path = "UIViewController+Children.swift"; sourceTree = "<group>"; };
		6950967923C78AD000E8F457 /* UserDefaultsExtensions.swift */ = {isa = PBXFileReference; fileEncoding = 4; lastKnownFileType = sourcecode.swift; path = UserDefaultsExtensions.swift; sourceTree = "<group>"; };
		6950968D23C78CC200E8F457 /* ColorTests.swift */ = {isa = PBXFileReference; fileEncoding = 4; lastKnownFileType = sourcecode.swift; path = ColorTests.swift; sourceTree = "<group>"; };
		6950968E23C78CC200E8F457 /* ConditionalAssignmentTests.swift */ = {isa = PBXFileReference; fileEncoding = 4; lastKnownFileType = sourcecode.swift; path = ConditionalAssignmentTests.swift; sourceTree = "<group>"; };
		6950968F23C78CC200E8F457 /* CollectionTests.swift */ = {isa = PBXFileReference; fileEncoding = 4; lastKnownFileType = sourcecode.swift; path = CollectionTests.swift; sourceTree = "<group>"; };
		6950969023C78CC200E8F457 /* UIViewControllerChildrenTests.swift */ = {isa = PBXFileReference; fileEncoding = 4; lastKnownFileType = sourcecode.swift; path = UIViewControllerChildrenTests.swift; sourceTree = "<group>"; };
		6950969123C78CC200E8F457 /* UIStackViewTests.swift */ = {isa = PBXFileReference; fileEncoding = 4; lastKnownFileType = sourcecode.swift; path = UIStackViewTests.swift; sourceTree = "<group>"; };
		6950969223C78CC200E8F457 /* FoundationTests.swift */ = {isa = PBXFileReference; fileEncoding = 4; lastKnownFileType = sourcecode.swift; path = FoundationTests.swift; sourceTree = "<group>"; };
		6950969323C78CC200E8F457 /* UIViewTests.swift */ = {isa = PBXFileReference; fileEncoding = 4; lastKnownFileType = sourcecode.swift; path = UIViewTests.swift; sourceTree = "<group>"; };
		6950969423C78CC200E8F457 /* ControlBlocksTests.swift */ = {isa = PBXFileReference; fileEncoding = 4; lastKnownFileType = sourcecode.swift; path = ControlBlocksTests.swift; sourceTree = "<group>"; };
		6950969523C78CC200E8F457 /* DateFormattingTests.swift */ = {isa = PBXFileReference; fileEncoding = 4; lastKnownFileType = sourcecode.swift; path = DateFormattingTests.swift; sourceTree = "<group>"; };
		6950969623C78CC200E8F457 /* StringTests.swift */ = {isa = PBXFileReference; fileEncoding = 4; lastKnownFileType = sourcecode.swift; path = StringTests.swift; sourceTree = "<group>"; };
		6950969723C78CC200E8F457 /* ArrayTests.swift */ = {isa = PBXFileReference; fileEncoding = 4; lastKnownFileType = sourcecode.swift; path = ArrayTests.swift; sourceTree = "<group>"; };
		695096B423C78E6400E8F457 /* Cartfile.private */ = {isa = PBXFileReference; explicitFileType = text.script.ruby; path = Cartfile.private; sourceTree = "<group>"; };
		695096B523C78F6600E8F457 /* SnapKit.framework */ = {isa = PBXFileReference; lastKnownFileType = wrapper.framework; name = SnapKit.framework; path = Carthage/Build/iOS/SnapKit.framework; sourceTree = "<group>"; };
		695096D823C7908B00E8F457 /* ACKategoriesExample.app */ = {isa = PBXFileReference; explicitFileType = wrapper.application; includeInIndex = 0; path = ACKategoriesExample.app; sourceTree = BUILT_PRODUCTS_DIR; };
		696DF853245304F400A6AC69 /* ReusableViewTests.swift */ = {isa = PBXFileReference; lastKnownFileType = sourcecode.swift; path = ReusableViewTests.swift; sourceTree = "<group>"; };
		697CECF023C877B20019FE61 /* Aliases.swift */ = {isa = PBXFileReference; lastKnownFileType = sourcecode.swift; path = Aliases.swift; sourceTree = "<group>"; };
		69E819EA23C773240054687B /* ACKategoriesCore.framework */ = {isa = PBXFileReference; explicitFileType = wrapper.framework; includeInIndex = 0; path = ACKategoriesCore.framework; sourceTree = BUILT_PRODUCTS_DIR; };
		69E819ED23C773240054687B /* ACKategoriesCore.h */ = {isa = PBXFileReference; lastKnownFileType = sourcecode.c.h; path = ACKategoriesCore.h; sourceTree = "<group>"; };
		69E819EE23C773240054687B /* Info.plist */ = {isa = PBXFileReference; lastKnownFileType = text.plist.xml; path = Info.plist; sourceTree = "<group>"; };
		69E819F323C773240054687B /* ACKategoriesCoreTests.xctest */ = {isa = PBXFileReference; explicitFileType = wrapper.cfbundle; includeInIndex = 0; path = ACKategoriesCoreTests.xctest; sourceTree = BUILT_PRODUCTS_DIR; };
		69E819FA23C773240054687B /* Info.plist */ = {isa = PBXFileReference; lastKnownFileType = text.plist.xml; path = Info.plist; sourceTree = "<group>"; };
		69E81A0723C773370054687B /* ACKategories.framework */ = {isa = PBXFileReference; explicitFileType = wrapper.framework; includeInIndex = 0; path = ACKategories.framework; sourceTree = BUILT_PRODUCTS_DIR; };
		69E81A0923C773370054687B /* ACKategories_iOS.h */ = {isa = PBXFileReference; lastKnownFileType = sourcecode.c.h; path = ACKategories_iOS.h; sourceTree = "<group>"; };
		69E81A0A23C773370054687B /* Info.plist */ = {isa = PBXFileReference; lastKnownFileType = text.plist.xml; path = Info.plist; sourceTree = "<group>"; };
		69E81A0F23C773370054687B /* ACKategories-iOSTests.xctest */ = {isa = PBXFileReference; explicitFileType = wrapper.cfbundle; includeInIndex = 0; path = "ACKategories-iOSTests.xctest"; sourceTree = BUILT_PRODUCTS_DIR; };
		69E81A1623C773370054687B /* Info.plist */ = {isa = PBXFileReference; lastKnownFileType = text.plist.xml; path = Info.plist; sourceTree = "<group>"; };
		69FA5F9023C868A900B44BCD /* Assets.xcassets */ = {isa = PBXFileReference; lastKnownFileType = folder.assetcatalog; path = Assets.xcassets; sourceTree = "<group>"; };
		69FA5F9323C868A900B44BCD /* UIControlBlocksViewController.swift */ = {isa = PBXFileReference; fileEncoding = 4; lastKnownFileType = sourcecode.swift; path = UIControlBlocksViewController.swift; sourceTree = "<group>"; };
		69FA5F9523C868A900B44BCD /* TitleViewController.swift */ = {isa = PBXFileReference; fileEncoding = 4; lastKnownFileType = sourcecode.swift; path = TitleViewController.swift; sourceTree = "<group>"; };
		69FA5F9623C868A900B44BCD /* VCCompositionViewController.swift */ = {isa = PBXFileReference; fileEncoding = 4; lastKnownFileType = sourcecode.swift; path = VCCompositionViewController.swift; sourceTree = "<group>"; };
		69FA5F9823C868A900B44BCD /* MapViewController.swift */ = {isa = PBXFileReference; fileEncoding = 4; lastKnownFileType = sourcecode.swift; path = MapViewController.swift; sourceTree = "<group>"; };
		69FA5F9923C868A900B44BCD /* MapViewModel.swift */ = {isa = PBXFileReference; fileEncoding = 4; lastKnownFileType = sourcecode.swift; path = MapViewModel.swift; sourceTree = "<group>"; };
		69FA5F9B23C868A900B44BCD /* ExampleListViewController.swift */ = {isa = PBXFileReference; fileEncoding = 4; lastKnownFileType = sourcecode.swift; path = ExampleListViewController.swift; sourceTree = "<group>"; };
		69FA5F9C23C868A900B44BCD /* ExampleListViewModel.swift */ = {isa = PBXFileReference; fileEncoding = 4; lastKnownFileType = sourcecode.swift; path = ExampleListViewModel.swift; sourceTree = "<group>"; };
		69FA5F9E23C868A900B44BCD /* ModalViewController.swift */ = {isa = PBXFileReference; fileEncoding = 4; lastKnownFileType = sourcecode.swift; path = ModalViewController.swift; sourceTree = "<group>"; };
		69FA5FA023C868A900B44BCD /* BaseViewController.swift */ = {isa = PBXFileReference; fileEncoding = 4; lastKnownFileType = sourcecode.swift; path = BaseViewController.swift; sourceTree = "<group>"; };
		69FA5FA123C868A900B44BCD /* Info.plist */ = {isa = PBXFileReference; fileEncoding = 4; lastKnownFileType = text.plist.xml; path = Info.plist; sourceTree = "<group>"; };
		69FA5FA223C868A900B44BCD /* AppDelegate.swift */ = {isa = PBXFileReference; fileEncoding = 4; lastKnownFileType = sourcecode.swift; path = AppDelegate.swift; sourceTree = "<group>"; };
		69FA5FA723C868A900B44BCD /* TitleSubtitleTableViewCell.swift */ = {isa = PBXFileReference; fileEncoding = 4; lastKnownFileType = sourcecode.swift; path = TitleSubtitleTableViewCell.swift; sourceTree = "<group>"; };
		69FA5FA923C868A900B44BCD /* ExampleItem.swift */ = {isa = PBXFileReference; fileEncoding = 4; lastKnownFileType = sourcecode.swift; path = ExampleItem.swift; sourceTree = "<group>"; };
		69FA5FAB23C868A900B44BCD /* AppFlowCoordinator.swift */ = {isa = PBXFileReference; fileEncoding = 4; lastKnownFileType = sourcecode.swift; path = AppFlowCoordinator.swift; sourceTree = "<group>"; };
		69FA5FAC23C868A900B44BCD /* ModalFlowCoordinator.swift */ = {isa = PBXFileReference; fileEncoding = 4; lastKnownFileType = sourcecode.swift; path = ModalFlowCoordinator.swift; sourceTree = "<group>"; };
		69FA5FC123C8690A00B44BCD /* LaunchScreen.storyboard */ = {isa = PBXFileReference; fileEncoding = 4; lastKnownFileType = file.storyboard; path = LaunchScreen.storyboard; sourceTree = "<group>"; };
		69FA5FC323C869A200B44BCD /* ACKategories.podspec */ = {isa = PBXFileReference; explicitFileType = text.script.ruby; path = ACKategories.podspec; sourceTree = "<group>"; };
		69FA5FE423C8712D00B44BCD /* Package.swift */ = {isa = PBXFileReference; lastKnownFileType = sourcecode.swift; path = Package.swift; sourceTree = "<group>"; };
		F885BD95245AC4240071073D /* Date+Random.swift */ = {isa = PBXFileReference; fileEncoding = 4; lastKnownFileType = sourcecode.swift; path = "Date+Random.swift"; sourceTree = "<group>"; };
		F885BD96245AC4240071073D /* String+Random.swift */ = {isa = PBXFileReference; fileEncoding = 4; lastKnownFileType = sourcecode.swift; path = "String+Random.swift"; sourceTree = "<group>"; };
		F885BD97245AC4240071073D /* Int+Random.swift */ = {isa = PBXFileReference; fileEncoding = 4; lastKnownFileType = sourcecode.swift; path = "Int+Random.swift"; sourceTree = "<group>"; };
		F885BD9C245AC43A0071073D /* DateRandomTests.swift */ = {isa = PBXFileReference; fileEncoding = 4; lastKnownFileType = sourcecode.swift; path = DateRandomTests.swift; sourceTree = "<group>"; };
		F885BD9D245AC43A0071073D /* IntRandomTests.swift */ = {isa = PBXFileReference; fileEncoding = 4; lastKnownFileType = sourcecode.swift; path = IntRandomTests.swift; sourceTree = "<group>"; };
		F885BD9E245AC43A0071073D /* StringRandomTests.swift */ = {isa = PBXFileReference; fileEncoding = 4; lastKnownFileType = sourcecode.swift; path = StringRandomTests.swift; sourceTree = "<group>"; };
		F885BDA2245ACD010071073D /* Randomizable.swift */ = {isa = PBXFileReference; lastKnownFileType = sourcecode.swift; path = Randomizable.swift; sourceTree = "<group>"; };
		F8E398C42493A2DF0063256A /* UserDefault.swift */ = {isa = PBXFileReference; lastKnownFileType = sourcecode.swift; path = UserDefault.swift; sourceTree = "<group>"; };
		F8EB37452493A5B50072525E /* UserDefaultTests.swift */ = {isa = PBXFileReference; lastKnownFileType = sourcecode.swift; path = UserDefaultTests.swift; sourceTree = "<group>"; };
/* End PBXFileReference section */

/* Begin PBXFrameworksBuildPhase section */
		695096D523C7908B00E8F457 /* Frameworks */ = {
			isa = PBXFrameworksBuildPhase;
			buildActionMask = 2147483647;
			files = (
				695096EF23C790A900E8F457 /* ACKategories.framework in Frameworks */,
				695096EC23C790A100E8F457 /* SnapKit.framework in Frameworks */,
			);
			runOnlyForDeploymentPostprocessing = 0;
		};
		69E819E723C773240054687B /* Frameworks */ = {
			isa = PBXFrameworksBuildPhase;
			buildActionMask = 2147483647;
			files = (
			);
			runOnlyForDeploymentPostprocessing = 0;
		};
		69E819F023C773240054687B /* Frameworks */ = {
			isa = PBXFrameworksBuildPhase;
			buildActionMask = 2147483647;
			files = (
				69E819F423C773240054687B /* ACKategoriesCore.framework in Frameworks */,
			);
			runOnlyForDeploymentPostprocessing = 0;
		};
		69E81A0423C773370054687B /* Frameworks */ = {
			isa = PBXFrameworksBuildPhase;
			buildActionMask = 2147483647;
			files = (
			);
			runOnlyForDeploymentPostprocessing = 0;
		};
		69E81A0C23C773370054687B /* Frameworks */ = {
			isa = PBXFrameworksBuildPhase;
			buildActionMask = 2147483647;
			files = (
				69E81A1023C773370054687B /* ACKategories.framework in Frameworks */,
			);
			runOnlyForDeploymentPostprocessing = 0;
		};
/* End PBXFrameworksBuildPhase section */

/* Begin PBXGroup section */
		6950962B23C7741000E8F457 /* Base */ = {
			isa = PBXGroup;
			children = (
				6950962323C7740A00E8F457 /* Base.swift */,
				6950962423C7740B00E8F457 /* Logger.swift */,
				6950962223C7740A00E8F457 /* ViewModel.swift */,
			);
			path = Base;
			sourceTree = "<group>";
		};
		6950963023C7747C00E8F457 /* Base */ = {
			isa = PBXGroup;
			children = (
				6950962C23C7747800E8F457 /* FlowCoordinator.swift */,
				6950962D23C7747800E8F457 /* ViewController.swift */,
			);
			path = Base;
			sourceTree = "<group>";
		};
		6950963423C7749500E8F457 /* Supporting files */ = {
			isa = PBXGroup;
			children = (
				69E819ED23C773240054687B /* ACKategoriesCore.h */,
				69E819EE23C773240054687B /* Info.plist */,
			);
			path = "Supporting files";
			sourceTree = "<group>";
		};
		6950963523C7749F00E8F457 /* Supporting files */ = {
			isa = PBXGroup;
			children = (
				69E81A0923C773370054687B /* ACKategories_iOS.h */,
				69E81A0A23C773370054687B /* Info.plist */,
			);
			path = "Supporting files";
			sourceTree = "<group>";
		};
		695096D923C7908B00E8F457 /* ACKategoriesExample */ = {
			isa = PBXGroup;
			children = (
				69FA5FAA23C868A900B44BCD /* Flow coordinators */,
				69FA5FA823C868A900B44BCD /* Model */,
				69FA5F9123C868A900B44BCD /* Screens */,
				69FA5FA623C868A900B44BCD /* View */,
				69FA5FA123C868A900B44BCD /* Info.plist */,
				69FA5FC123C8690A00B44BCD /* LaunchScreen.storyboard */,
				69FA5FA223C868A900B44BCD /* AppDelegate.swift */,
				69FA5F9023C868A900B44BCD /* Assets.xcassets */,
			);
			path = ACKategoriesExample;
			sourceTree = "<group>";
		};
		69E819DE23C773010054687B = {
			isa = PBXGroup;
			children = (
				69FA5FC323C869A200B44BCD /* ACKategories.podspec */,
				695096B423C78E6400E8F457 /* Cartfile.private */,
				69FA5FE423C8712D00B44BCD /* Package.swift */,
				69E819EC23C773240054687B /* ACKategoriesCore */,
				69E819F723C773240054687B /* ACKategoriesCoreTests */,
				69E81A0823C773370054687B /* ACKategories-iOS */,
				69E81A1323C773370054687B /* ACKategories-iOSTests */,
				695096D923C7908B00E8F457 /* ACKategoriesExample */,
				69E819EB23C773240054687B /* Products */,
				69E81A1E23C7735D0054687B /* Frameworks */,
			);
			sourceTree = "<group>";
		};
		69E819EB23C773240054687B /* Products */ = {
			isa = PBXGroup;
			children = (
				69E819EA23C773240054687B /* ACKategoriesCore.framework */,
				69E819F323C773240054687B /* ACKategoriesCoreTests.xctest */,
				69E81A0723C773370054687B /* ACKategories.framework */,
				69E81A0F23C773370054687B /* ACKategories-iOSTests.xctest */,
				695096D823C7908B00E8F457 /* ACKategoriesExample.app */,
			);
			name = Products;
			sourceTree = "<group>";
		};
		69E819EC23C773240054687B /* ACKategoriesCore */ = {
			isa = PBXGroup;
			children = (
				F8E398C32493A2C00063256A /* PropertyWrappers */,
				F885BD94245AC4240071073D /* RandomExtensions */,
				6950962B23C7741000E8F457 /* Base */,
				6950963123C7748D00E8F457 /* ArrayExtensions.swift */,
				6950963B23C774DB00E8F457 /* BundleExtensions.swift */,
				6950963723C774DB00E8F457 /* CollectionExtensions.swift */,
				6950963A23C774DB00E8F457 /* ConditionalAssignment.swift */,
				6950963923C774DB00E8F457 /* DateExtensions.swift */,
				6950963823C774DB00E8F457 /* DateFormatting.swift */,
				6950963623C774DB00E8F457 /* DictionaryExtensions.swift */,
				6950964A23C7751E00E8F457 /* NSAttributedStringExtensions.swift */,
				6950964F23C7753500E8F457 /* NumberFormatterExtensions.swift */,
				6950965523C7754D00E8F457 /* Reusable.swift */,
				6950965823C78AB900E8F457 /* StringExtensions.swift */,
				6950967923C78AD000E8F457 /* UserDefaultsExtensions.swift */,
				6950963423C7749500E8F457 /* Supporting files */,
			);
			path = ACKategoriesCore;
			sourceTree = "<group>";
		};
		69E819F723C773240054687B /* ACKategoriesCoreTests */ = {
			isa = PBXGroup;
			children = (
				F8E398C72493A3010063256A /* PropertyWrappers */,
				F885BD9B245AC43A0071073D /* Random */,
				6950969723C78CC200E8F457 /* ArrayTests.swift */,
				6950968F23C78CC200E8F457 /* CollectionTests.swift */,
				6950968E23C78CC200E8F457 /* ConditionalAssignmentTests.swift */,
				6950969523C78CC200E8F457 /* DateFormattingTests.swift */,
				6950969223C78CC200E8F457 /* FoundationTests.swift */,
				6950969623C78CC200E8F457 /* StringTests.swift */,
				69E819FA23C773240054687B /* Info.plist */,
			);
			path = ACKategoriesCoreTests;
			sourceTree = "<group>";
		};
		69E81A0823C773370054687B /* ACKategories-iOS */ = {
			isa = PBXGroup;
			children = (
				6950963023C7747C00E8F457 /* Base */,
				697CECF023C877B20019FE61 /* Aliases.swift */,
				6950964823C7751600E8F457 /* GradientView.swift */,
				6950964D23C7752B00E8F457 /* NSMutableParagraphStyleExtensions.swift */,
				6950965223C7753D00E8F457 /* ReusableView.swift */,
				6950966623C78AC800E8F457 /* TableHeaderFooterView.swift */,
				6950966023C78AC800E8F457 /* UIApplicationExtensions.swift */,
				6950966423C78AC800E8F457 /* UIButtonExtensions.swift */,
				6950965E23C78AC800E8F457 /* UIColorExtensions.swift */,
				6950965B23C78AC800E8F457 /* UIControl+Blocks.swift */,
				6950966123C78AC800E8F457 /* UIControlEvents.swift */,
				6950965C23C78AC800E8F457 /* UIDeviceExtensions.swift */,
				6950965F23C78AC800E8F457 /* UIImageExtensions.swift */,
				6950966223C78AC800E8F457 /* UILabelExtensions.swift */,
				6950965D23C78AC800E8F457 /* UISearchBarExtensions.swift */,
				6950966823C78AC900E8F457 /* UIStackViewExtensions.swift */,
				6950966523C78AC800E8F457 /* UIView+SafeAreaCompat.swift */,
				6950966923C78AC900E8F457 /* UIViewController+Children.swift */,
				6950966723C78AC800E8F457 /* UIViewController+SafeAreaCompat.swift */,
				6950966323C78AC800E8F457 /* UIViewExtensions.swift */,
				6950963523C7749F00E8F457 /* Supporting files */,
			);
			path = "ACKategories-iOS";
			sourceTree = "<group>";
		};
		69E81A1323C773370054687B /* ACKategories-iOSTests */ = {
			isa = PBXGroup;
			children = (
				6950968D23C78CC200E8F457 /* ColorTests.swift */,
				6950969423C78CC200E8F457 /* ControlBlocksTests.swift */,
				69E81A1623C773370054687B /* Info.plist */,
				696DF853245304F400A6AC69 /* ReusableViewTests.swift */,
				6950969123C78CC200E8F457 /* UIStackViewTests.swift */,
				6950969023C78CC200E8F457 /* UIViewControllerChildrenTests.swift */,
				6950969323C78CC200E8F457 /* UIViewTests.swift */,
			);
			path = "ACKategories-iOSTests";
			sourceTree = "<group>";
		};
		69E81A1E23C7735D0054687B /* Frameworks */ = {
			isa = PBXGroup;
			children = (
				695096B523C78F6600E8F457 /* SnapKit.framework */,
			);
			name = Frameworks;
			sourceTree = "<group>";
		};
		69FA5F9123C868A900B44BCD /* Screens */ = {
			isa = PBXGroup;
			children = (
				69FA5F9223C868A900B44BCD /* UIControl blocks */,
				69FA5F9423C868A900B44BCD /* VC composition */,
				69FA5F9723C868A900B44BCD /* MapView */,
				69FA5F9A23C868A900B44BCD /* Example list */,
				69FA5F9D23C868A900B44BCD /* Modal */,
				69FA5F9F23C868A900B44BCD /* Base */,
			);
			path = Screens;
			sourceTree = "<group>";
		};
		69FA5F9223C868A900B44BCD /* UIControl blocks */ = {
			isa = PBXGroup;
			children = (
				69FA5F9323C868A900B44BCD /* UIControlBlocksViewController.swift */,
			);
			path = "UIControl blocks";
			sourceTree = "<group>";
		};
		69FA5F9423C868A900B44BCD /* VC composition */ = {
			isa = PBXGroup;
			children = (
				69FA5F9523C868A900B44BCD /* TitleViewController.swift */,
				69FA5F9623C868A900B44BCD /* VCCompositionViewController.swift */,
			);
			path = "VC composition";
			sourceTree = "<group>";
		};
		69FA5F9723C868A900B44BCD /* MapView */ = {
			isa = PBXGroup;
			children = (
				69FA5F9823C868A900B44BCD /* MapViewController.swift */,
				69FA5F9923C868A900B44BCD /* MapViewModel.swift */,
			);
			path = MapView;
			sourceTree = "<group>";
		};
		69FA5F9A23C868A900B44BCD /* Example list */ = {
			isa = PBXGroup;
			children = (
				69FA5F9B23C868A900B44BCD /* ExampleListViewController.swift */,
				69FA5F9C23C868A900B44BCD /* ExampleListViewModel.swift */,
			);
			path = "Example list";
			sourceTree = "<group>";
		};
		69FA5F9D23C868A900B44BCD /* Modal */ = {
			isa = PBXGroup;
			children = (
				69FA5F9E23C868A900B44BCD /* ModalViewController.swift */,
			);
			path = Modal;
			sourceTree = "<group>";
		};
		69FA5F9F23C868A900B44BCD /* Base */ = {
			isa = PBXGroup;
			children = (
				69FA5FA023C868A900B44BCD /* BaseViewController.swift */,
			);
			path = Base;
			sourceTree = "<group>";
		};
		69FA5FA623C868A900B44BCD /* View */ = {
			isa = PBXGroup;
			children = (
				69FA5FA723C868A900B44BCD /* TitleSubtitleTableViewCell.swift */,
			);
			path = View;
			sourceTree = "<group>";
		};
		69FA5FA823C868A900B44BCD /* Model */ = {
			isa = PBXGroup;
			children = (
				69FA5FA923C868A900B44BCD /* ExampleItem.swift */,
			);
			path = Model;
			sourceTree = "<group>";
		};
		69FA5FAA23C868A900B44BCD /* Flow coordinators */ = {
			isa = PBXGroup;
			children = (
				69FA5FAB23C868A900B44BCD /* AppFlowCoordinator.swift */,
				69FA5FAC23C868A900B44BCD /* ModalFlowCoordinator.swift */,
			);
			path = "Flow coordinators";
			sourceTree = "<group>";
		};
		F885BD94245AC4240071073D /* RandomExtensions */ = {
			isa = PBXGroup;
			children = (
				F885BD95245AC4240071073D /* Date+Random.swift */,
				F885BDA2245ACD010071073D /* Randomizable.swift */,
				F885BD96245AC4240071073D /* String+Random.swift */,
				F885BD97245AC4240071073D /* Int+Random.swift */,
			);
			path = RandomExtensions;
			sourceTree = "<group>";
		};
		F885BD9B245AC43A0071073D /* Random */ = {
			isa = PBXGroup;
			children = (
				F885BD9C245AC43A0071073D /* DateRandomTests.swift */,
				F885BD9D245AC43A0071073D /* IntRandomTests.swift */,
				F885BD9E245AC43A0071073D /* StringRandomTests.swift */,
			);
			path = Random;
			sourceTree = "<group>";
		};
		F8E398C32493A2C00063256A /* PropertyWrappers */ = {
			isa = PBXGroup;
			children = (
				F8E398C42493A2DF0063256A /* UserDefault.swift */,
			);
			path = PropertyWrappers;
			sourceTree = "<group>";
		};
		F8E398C72493A3010063256A /* PropertyWrappers */ = {
			isa = PBXGroup;
			children = (
				F8EB37452493A5B50072525E /* UserDefaultTests.swift */,
			);
			path = PropertyWrappers;
			sourceTree = "<group>";
		};
/* End PBXGroup section */

/* Begin PBXHeadersBuildPhase section */
		69E819E523C773240054687B /* Headers */ = {
			isa = PBXHeadersBuildPhase;
			buildActionMask = 2147483647;
			files = (
				69E819FB23C773240054687B /* ACKategoriesCore.h in Headers */,
			);
			runOnlyForDeploymentPostprocessing = 0;
		};
		69E81A0223C773370054687B /* Headers */ = {
			isa = PBXHeadersBuildPhase;
			buildActionMask = 2147483647;
			files = (
				69E81A1723C773370054687B /* ACKategories_iOS.h in Headers */,
			);
			runOnlyForDeploymentPostprocessing = 0;
		};
/* End PBXHeadersBuildPhase section */

/* Begin PBXNativeTarget section */
		695096D723C7908B00E8F457 /* ACKategoriesExample */ = {
			isa = PBXNativeTarget;
			buildConfigurationList = 695096E923C7908D00E8F457 /* Build configuration list for PBXNativeTarget "ACKategoriesExample" */;
			buildPhases = (
				695096D423C7908B00E8F457 /* Sources */,
				695096D523C7908B00E8F457 /* Frameworks */,
				695096D623C7908B00E8F457 /* Resources */,
				695096F323C790A900E8F457 /* Embed Frameworks */,
				CB998696568B841F5A05E3A0 /* Carthage */,
			);
			buildRules = (
			);
			dependencies = (
				695096F223C790A900E8F457 /* PBXTargetDependency */,
			);
			name = ACKategoriesExample;
			productName = ACKategoriesExample;
			productReference = 695096D823C7908B00E8F457 /* ACKategoriesExample.app */;
			productType = "com.apple.product-type.application";
		};
		69E819E923C773240054687B /* ACKategoriesCore */ = {
			isa = PBXNativeTarget;
			buildConfigurationList = 69E819FC23C773240054687B /* Build configuration list for PBXNativeTarget "ACKategoriesCore" */;
			buildPhases = (
				6996E46424634043007B79FD /* Swiftlint */,
				69E819E523C773240054687B /* Headers */,
				69E819E623C773240054687B /* Sources */,
				69E819E723C773240054687B /* Frameworks */,
				69E819E823C773240054687B /* Resources */,
			);
			buildRules = (
			);
			dependencies = (
				69EB1EA52498CE0000AF815F /* PBXTargetDependency */,
			);
			name = ACKategoriesCore;
			productName = ACKategoriesCore;
			productReference = 69E819EA23C773240054687B /* ACKategoriesCore.framework */;
			productType = "com.apple.product-type.framework";
		};
		69E819F223C773240054687B /* ACKategoriesCoreTests */ = {
			isa = PBXNativeTarget;
			buildConfigurationList = 69E819FF23C773240054687B /* Build configuration list for PBXNativeTarget "ACKategoriesCoreTests" */;
			buildPhases = (
				69E819EF23C773240054687B /* Sources */,
				69E819F023C773240054687B /* Frameworks */,
				69E819F123C773240054687B /* Resources */,
			);
			buildRules = (
			);
			dependencies = (
				69E819F623C773240054687B /* PBXTargetDependency */,
			);
			name = ACKategoriesCoreTests;
			productName = ACKategoriesCoreTests;
			productReference = 69E819F323C773240054687B /* ACKategoriesCoreTests.xctest */;
			productType = "com.apple.product-type.bundle.unit-test";
		};
		69E81A0623C773370054687B /* ACKategories-iOS */ = {
			isa = PBXNativeTarget;
			buildConfigurationList = 69E81A1823C773370054687B /* Build configuration list for PBXNativeTarget "ACKategories-iOS" */;
			buildPhases = (
				6996E46524634056007B79FD /* Swiftlint */,
				69E81A0223C773370054687B /* Headers */,
				69E81A0323C773370054687B /* Sources */,
				69E81A0423C773370054687B /* Frameworks */,
				69E81A0523C773370054687B /* Resources */,
			);
			buildRules = (
			);
			dependencies = (
				69EB1EA32498CDFB00AF815F /* PBXTargetDependency */,
			);
			name = "ACKategories-iOS";
			productName = "ACKategories-iOS";
			productReference = 69E81A0723C773370054687B /* ACKategories.framework */;
			productType = "com.apple.product-type.framework";
		};
		69E81A0E23C773370054687B /* ACKategories-iOSTests */ = {
			isa = PBXNativeTarget;
			buildConfigurationList = 69E81A1B23C773370054687B /* Build configuration list for PBXNativeTarget "ACKategories-iOSTests" */;
			buildPhases = (
				69E81A0B23C773370054687B /* Sources */,
				69E81A0C23C773370054687B /* Frameworks */,
				69E81A0D23C773370054687B /* Resources */,
			);
			buildRules = (
			);
			dependencies = (
				69E81A1223C773370054687B /* PBXTargetDependency */,
				69BBA2F723C790FD00B5DDB7 /* PBXTargetDependency */,
			);
			name = "ACKategories-iOSTests";
			productName = "ACKategories-iOSTests";
			productReference = 69E81A0F23C773370054687B /* ACKategories-iOSTests.xctest */;
			productType = "com.apple.product-type.bundle.unit-test";
		};
/* End PBXNativeTarget section */

/* Begin PBXProject section */
		69E819DF23C773010054687B /* Project object */ = {
			isa = PBXProject;
			attributes = {
				LastSwiftUpdateCheck = 1130;
				LastUpgradeCheck = 1140;
				TargetAttributes = {
					695096D723C7908B00E8F457 = {
						CreatedOnToolsVersion = 11.3;
						LastSwiftMigration = 1130;
					};
					69E819E923C773240054687B = {
						CreatedOnToolsVersion = 11.3;
						LastSwiftMigration = 1130;
					};
					69E819F223C773240054687B = {
						CreatedOnToolsVersion = 11.3;
						LastSwiftMigration = 1130;
					};
					69E81A0623C773370054687B = {
						CreatedOnToolsVersion = 11.3;
						LastSwiftMigration = 1130;
					};
					69E81A0E23C773370054687B = {
						CreatedOnToolsVersion = 11.3;
						LastSwiftMigration = 1130;
						TestTargetID = 695096D723C7908B00E8F457;
					};
					69EB1E9D2498CDE900AF815F = {
						CreatedOnToolsVersion = 11.5;
					};
				};
			};
			buildConfigurationList = 69E819E223C773010054687B /* Build configuration list for PBXProject "ACKategories" */;
			compatibilityVersion = "Xcode 9.3";
			developmentRegion = en;
			hasScannedForEncodings = 0;
			knownRegions = (
				en,
				Base,
			);
			mainGroup = 69E819DE23C773010054687B;
			productRefGroup = 69E819EB23C773240054687B /* Products */;
			projectDirPath = "";
			projectRoot = "";
			targets = (
				695096D723C7908B00E8F457 /* ACKategoriesExample */,
				69E819E923C773240054687B /* ACKategoriesCore */,
				69E819F223C773240054687B /* ACKategoriesCoreTests */,
				69E81A0623C773370054687B /* ACKategories-iOS */,
				69E81A0E23C773370054687B /* ACKategories-iOSTests */,
				69EB1E9D2498CDE900AF815F /* SwiftLint */,
			);
		};
/* End PBXProject section */

/* Begin PBXResourcesBuildPhase section */
		695096D623C7908B00E8F457 /* Resources */ = {
			isa = PBXResourcesBuildPhase;
			buildActionMask = 2147483647;
			files = (
				69FA5FAD23C868A900B44BCD /* Assets.xcassets in Resources */,
				69FA5FC223C8690A00B44BCD /* LaunchScreen.storyboard in Resources */,
			);
			runOnlyForDeploymentPostprocessing = 0;
		};
		69E819E823C773240054687B /* Resources */ = {
			isa = PBXResourcesBuildPhase;
			buildActionMask = 2147483647;
			files = (
			);
			runOnlyForDeploymentPostprocessing = 0;
		};
		69E819F123C773240054687B /* Resources */ = {
			isa = PBXResourcesBuildPhase;
			buildActionMask = 2147483647;
			files = (
			);
			runOnlyForDeploymentPostprocessing = 0;
		};
		69E81A0523C773370054687B /* Resources */ = {
			isa = PBXResourcesBuildPhase;
			buildActionMask = 2147483647;
			files = (
			);
			runOnlyForDeploymentPostprocessing = 0;
		};
		69E81A0D23C773370054687B /* Resources */ = {
			isa = PBXResourcesBuildPhase;
			buildActionMask = 2147483647;
			files = (
			);
			runOnlyForDeploymentPostprocessing = 0;
		};
/* End PBXResourcesBuildPhase section */

/* Begin PBXShellScriptBuildPhase section */
		6996E46424634043007B79FD /* Swiftlint */ = {
			isa = PBXShellScriptBuildPhase;
			buildActionMask = 2147483647;
			files = (
			);
			inputFileListPaths = (
			);
			inputPaths = (
			);
			name = Swiftlint;
			outputFileListPaths = (
			);
			outputPaths = (
			);
			runOnlyForDeploymentPostprocessing = 0;
			shellPath = /bin/sh;
			shellScript = "swiftlint autocorrect || true\nswiftlint || true\n";
		};
		6996E46524634056007B79FD /* Swiftlint */ = {
			isa = PBXShellScriptBuildPhase;
			buildActionMask = 2147483647;
			files = (
			);
			inputFileListPaths = (
			);
			inputPaths = (
			);
			name = Swiftlint;
			outputFileListPaths = (
			);
			outputPaths = (
			);
			runOnlyForDeploymentPostprocessing = 0;
			shellPath = /bin/sh;
			shellScript = "swiftlint autocorrect || true\nswiftlint || true\n";
		};
		69EB1EA12498CDEF00AF815F /* ShellScript */ = {
			isa = PBXShellScriptBuildPhase;
			buildActionMask = 2147483647;
			files = (
			);
			inputFileListPaths = (
			);
			inputPaths = (
			);
			outputFileListPaths = (
			);
			outputPaths = (
			);
			runOnlyForDeploymentPostprocessing = 0;
			shellPath = /bin/sh;
			shellScript = "swiftlint autocorrect || true\nswiftlint || true\n";
		};
		CB998696568B841F5A05E3A0 /* Carthage */ = {
			isa = PBXShellScriptBuildPhase;
			buildActionMask = 2147483647;
			files = (
			);
			inputFileListPaths = (
				"$(SRCROOT)/Carthage/xcfilelists/ACKategoriesExample-inputPaths.xcfilelist",
			);
			inputPaths = (
			);
			name = Carthage;
			outputFileListPaths = (
				"$(SRCROOT)/Carthage/xcfilelists/ACKategoriesExample-outputPaths.xcfilelist",
			);
			outputPaths = (
			);
			runOnlyForDeploymentPostprocessing = 0;
			shellPath = /bin/sh;
			shellScript = "/usr/local/bin/carthage copy-frameworks\n";
		};
/* End PBXShellScriptBuildPhase section */

/* Begin PBXSourcesBuildPhase section */
		695096D423C7908B00E8F457 /* Sources */ = {
			isa = PBXSourcesBuildPhase;
			buildActionMask = 2147483647;
			files = (
				69FA5FBD23C868A900B44BCD /* ModalFlowCoordinator.swift in Sources */,
				69FA5FB523C868A900B44BCD /* ModalViewController.swift in Sources */,
				69FA5FBC23C868A900B44BCD /* AppFlowCoordinator.swift in Sources */,
				69FA5FB023C868A900B44BCD /* VCCompositionViewController.swift in Sources */,
				69FA5FB223C868A900B44BCD /* MapViewModel.swift in Sources */,
				69FA5FBB23C868A900B44BCD /* ExampleItem.swift in Sources */,
				69FA5FAE23C868A900B44BCD /* UIControlBlocksViewController.swift in Sources */,
				69FA5FB323C868A900B44BCD /* ExampleListViewController.swift in Sources */,
				69FA5FBA23C868A900B44BCD /* TitleSubtitleTableViewCell.swift in Sources */,
				69FA5FB623C868A900B44BCD /* BaseViewController.swift in Sources */,
				69FA5FAF23C868A900B44BCD /* TitleViewController.swift in Sources */,
				69FA5FB423C868A900B44BCD /* ExampleListViewModel.swift in Sources */,
				69FA5FB823C868A900B44BCD /* AppDelegate.swift in Sources */,
				69FA5FB123C868A900B44BCD /* MapViewController.swift in Sources */,
			);
			runOnlyForDeploymentPostprocessing = 0;
		};
		69E819E623C773240054687B /* Sources */ = {
			isa = PBXSourcesBuildPhase;
			buildActionMask = 2147483647;
			files = (
				F885BDA3245ACD010071073D /* Randomizable.swift in Sources */,
				6950964423C774DB00E8F457 /* ConditionalAssignment.swift in Sources */,
				6950963C23C774DB00E8F457 /* DictionaryExtensions.swift in Sources */,
				6950963E23C774DB00E8F457 /* CollectionExtensions.swift in Sources */,
				6950964023C774DB00E8F457 /* DateFormatting.swift in Sources */,
				6950962723C7740B00E8F457 /* Base.swift in Sources */,
				6950962923C7740B00E8F457 /* Logger.swift in Sources */,
				F885BD98245AC4240071073D /* Date+Random.swift in Sources */,
				6950965623C7754D00E8F457 /* Reusable.swift in Sources */,
				6950964223C774DB00E8F457 /* DateExtensions.swift in Sources */,
				F885BD99245AC4240071073D /* String+Random.swift in Sources */,
				6950962523C7740B00E8F457 /* ViewModel.swift in Sources */,
				F8E398C52493A2DF0063256A /* UserDefault.swift in Sources */,
				6950963223C7748D00E8F457 /* ArrayExtensions.swift in Sources */,
				6950964B23C7751E00E8F457 /* NSAttributedStringExtensions.swift in Sources */,
				6950965923C78AB900E8F457 /* StringExtensions.swift in Sources */,
				6950964623C774DB00E8F457 /* BundleExtensions.swift in Sources */,
				6950967A23C78AD100E8F457 /* UserDefaultsExtensions.swift in Sources */,
				F885BD9A245AC4240071073D /* Int+Random.swift in Sources */,
				6950965023C7753500E8F457 /* NumberFormatterExtensions.swift in Sources */,
			);
			runOnlyForDeploymentPostprocessing = 0;
		};
		69E819EF23C773240054687B /* Sources */ = {
			isa = PBXSourcesBuildPhase;
			buildActionMask = 2147483647;
			files = (
				695096B123C78E2200E8F457 /* DateFormattingTests.swift in Sources */,
				F885BD9F245AC43A0071073D /* DateRandomTests.swift in Sources */,
				695096AE23C78E2200E8F457 /* ArrayTests.swift in Sources */,
				695096B023C78E2200E8F457 /* ConditionalAssignmentTests.swift in Sources */,
				F8EB37462493A5B50072525E /* UserDefaultTests.swift in Sources */,
				695096AF23C78E2200E8F457 /* CollectionTests.swift in Sources */,
				695096B323C78E2200E8F457 /* StringTests.swift in Sources */,
				F885BDA0245AC43A0071073D /* IntRandomTests.swift in Sources */,
				F885BDA1245AC43A0071073D /* StringRandomTests.swift in Sources */,
				695096B223C78E2200E8F457 /* FoundationTests.swift in Sources */,
			);
			runOnlyForDeploymentPostprocessing = 0;
		};
		69E81A0323C773370054687B /* Sources */ = {
			isa = PBXSourcesBuildPhase;
			buildActionMask = 2147483647;
			files = (
				6950962F23C7747800E8F457 /* ViewController.swift in Sources */,
				F8B81697246C59F7005D1D74 /* Int+Random.swift in Sources */,
				6950964323C774DB00E8F457 /* DateExtensions.swift in Sources */,
				6950965423C7753D00E8F457 /* ReusableView.swift in Sources */,
				6950966E23C78AC900E8F457 /* UIImageExtensions.swift in Sources */,
				6950967623C78AC900E8F457 /* UIViewController+SafeAreaCompat.swift in Sources */,
				6950964123C774DB00E8F457 /* DateFormatting.swift in Sources */,
				6950963F23C774DB00E8F457 /* CollectionExtensions.swift in Sources */,
				6950967523C78AC900E8F457 /* TableHeaderFooterView.swift in Sources */,
				6950966A23C78AC900E8F457 /* UIControl+Blocks.swift in Sources */,
				F8B81695246C59F7005D1D74 /* Randomizable.swift in Sources */,
				6950963D23C774DB00E8F457 /* DictionaryExtensions.swift in Sources */,
				6950967423C78AC900E8F457 /* UIView+SafeAreaCompat.swift in Sources */,
				6950963323C7748D00E8F457 /* ArrayExtensions.swift in Sources */,
				6950962E23C7747800E8F457 /* FlowCoordinator.swift in Sources */,
				6950965123C7753500E8F457 /* NumberFormatterExtensions.swift in Sources */,
				6950964523C774DB00E8F457 /* ConditionalAssignment.swift in Sources */,
				6950962823C7740B00E8F457 /* Base.swift in Sources */,
				6950964C23C7751E00E8F457 /* NSAttributedStringExtensions.swift in Sources */,
				6950967123C78AC900E8F457 /* UILabelExtensions.swift in Sources */,
				F8B81694246C59F7005D1D74 /* Date+Random.swift in Sources */,
				6950966C23C78AC900E8F457 /* UISearchBarExtensions.swift in Sources */,
				6950966B23C78AC900E8F457 /* UIDeviceExtensions.swift in Sources */,
				6950966F23C78AC900E8F457 /* UIApplicationExtensions.swift in Sources */,
				F8B81696246C59F7005D1D74 /* String+Random.swift in Sources */,
				6950966D23C78AC900E8F457 /* UIColorExtensions.swift in Sources */,
				6950967023C78AC900E8F457 /* UIControlEvents.swift in Sources */,
				6950965723C7754D00E8F457 /* Reusable.swift in Sources */,
				6950962A23C7740B00E8F457 /* Logger.swift in Sources */,
				6950967823C78AC900E8F457 /* UIViewController+Children.swift in Sources */,
				6950967223C78AC900E8F457 /* UIViewExtensions.swift in Sources */,
				6950964923C7751600E8F457 /* GradientView.swift in Sources */,
				F8E398C62493A2DF0063256A /* UserDefault.swift in Sources */,
				6950964E23C7752B00E8F457 /* NSMutableParagraphStyleExtensions.swift in Sources */,
				6950962623C7740B00E8F457 /* ViewModel.swift in Sources */,
				6950967723C78AC900E8F457 /* UIStackViewExtensions.swift in Sources */,
				6950967323C78AC900E8F457 /* UIButtonExtensions.swift in Sources */,
				6950968C23C78AE100E8F457 /* UserDefaultsExtensions.swift in Sources */,
				6950964723C774DB00E8F457 /* BundleExtensions.swift in Sources */,
				6950965A23C78AB900E8F457 /* StringExtensions.swift in Sources */,
			);
			runOnlyForDeploymentPostprocessing = 0;
		};
		69E81A0B23C773370054687B /* Sources */ = {
			isa = PBXSourcesBuildPhase;
			buildActionMask = 2147483647;
			files = (
				695096A523C78CC200E8F457 /* UIViewTests.swift in Sources */,
				6950969923C78CC200E8F457 /* ColorTests.swift in Sources */,
				695096A723C78CC200E8F457 /* ControlBlocksTests.swift in Sources */,
				696DF854245304F400A6AC69 /* ReusableViewTests.swift in Sources */,
				695096A123C78CC200E8F457 /* UIStackViewTests.swift in Sources */,
				6950969F23C78CC200E8F457 /* UIViewControllerChildrenTests.swift in Sources */,
			);
			runOnlyForDeploymentPostprocessing = 0;
		};
/* End PBXSourcesBuildPhase section */

/* Begin PBXTargetDependency section */
		695096F223C790A900E8F457 /* PBXTargetDependency */ = {
			isa = PBXTargetDependency;
			target = 69E81A0623C773370054687B /* ACKategories-iOS */;
			targetProxy = 695096F123C790A900E8F457 /* PBXContainerItemProxy */;
		};
		69BBA2F723C790FD00B5DDB7 /* PBXTargetDependency */ = {
			isa = PBXTargetDependency;
			target = 695096D723C7908B00E8F457 /* ACKategoriesExample */;
			targetProxy = 69BBA2F623C790FD00B5DDB7 /* PBXContainerItemProxy */;
		};
		69E819F623C773240054687B /* PBXTargetDependency */ = {
			isa = PBXTargetDependency;
			target = 69E819E923C773240054687B /* ACKategoriesCore */;
			targetProxy = 69E819F523C773240054687B /* PBXContainerItemProxy */;
		};
		69E81A1223C773370054687B /* PBXTargetDependency */ = {
			isa = PBXTargetDependency;
			platformFilter = ios;
			target = 69E81A0623C773370054687B /* ACKategories-iOS */;
			targetProxy = 69E81A1123C773370054687B /* PBXContainerItemProxy */;
		};
		69EB1EA32498CDFB00AF815F /* PBXTargetDependency */ = {
			isa = PBXTargetDependency;
			target = 69EB1E9D2498CDE900AF815F /* SwiftLint */;
			targetProxy = 69EB1EA22498CDFB00AF815F /* PBXContainerItemProxy */;
		};
		69EB1EA52498CE0000AF815F /* PBXTargetDependency */ = {
			isa = PBXTargetDependency;
			target = 69EB1E9D2498CDE900AF815F /* SwiftLint */;
			targetProxy = 69EB1EA42498CE0000AF815F /* PBXContainerItemProxy */;
		};
/* End PBXTargetDependency section */

/* Begin XCBuildConfiguration section */
		695096EA23C7908D00E8F457 /* Debug */ = {
			isa = XCBuildConfiguration;
			buildSettings = {
				ALWAYS_SEARCH_USER_PATHS = NO;
				ASSETCATALOG_COMPILER_APPICON_NAME = AppIcon;
				CLANG_ANALYZER_NONNULL = YES;
				CLANG_ANALYZER_NUMBER_OBJECT_CONVERSION = YES_AGGRESSIVE;
				CLANG_CXX_LANGUAGE_STANDARD = "gnu++14";
				CLANG_CXX_LIBRARY = "libc++";
				CLANG_ENABLE_MODULES = YES;
				CLANG_ENABLE_OBJC_ARC = YES;
				CLANG_ENABLE_OBJC_WEAK = YES;
				CLANG_WARN_BLOCK_CAPTURE_AUTORELEASING = YES;
				CLANG_WARN_BOOL_CONVERSION = YES;
				CLANG_WARN_COMMA = YES;
				CLANG_WARN_CONSTANT_CONVERSION = YES;
				CLANG_WARN_DEPRECATED_OBJC_IMPLEMENTATIONS = YES;
				CLANG_WARN_DIRECT_OBJC_ISA_USAGE = YES_ERROR;
				CLANG_WARN_DOCUMENTATION_COMMENTS = YES;
				CLANG_WARN_EMPTY_BODY = YES;
				CLANG_WARN_ENUM_CONVERSION = YES;
				CLANG_WARN_INFINITE_RECURSION = YES;
				CLANG_WARN_INT_CONVERSION = YES;
				CLANG_WARN_NON_LITERAL_NULL_CONVERSION = YES;
				CLANG_WARN_OBJC_IMPLICIT_RETAIN_SELF = YES;
				CLANG_WARN_OBJC_LITERAL_CONVERSION = YES;
				CLANG_WARN_OBJC_ROOT_CLASS = YES_ERROR;
				CLANG_WARN_RANGE_LOOP_ANALYSIS = YES;
				CLANG_WARN_STRICT_PROTOTYPES = YES;
				CLANG_WARN_SUSPICIOUS_MOVE = YES;
				CLANG_WARN_UNGUARDED_AVAILABILITY = YES_AGGRESSIVE;
				CLANG_WARN_UNREACHABLE_CODE = YES;
				CLANG_WARN__DUPLICATE_METHOD_MATCH = YES;
				CODE_SIGN_STYLE = Automatic;
				COPY_PHASE_STRIP = NO;
				DEBUG_INFORMATION_FORMAT = dwarf;
				ENABLE_STRICT_OBJC_MSGSEND = YES;
				ENABLE_TESTABILITY = YES;
				FRAMEWORK_SEARCH_PATHS = (
					"$(inherited)",
					"$(PROJECT_DIR)/Carthage/Build/iOS",
				);
				GCC_C_LANGUAGE_STANDARD = gnu11;
				GCC_DYNAMIC_NO_PIC = NO;
				GCC_NO_COMMON_BLOCKS = YES;
				GCC_OPTIMIZATION_LEVEL = 0;
				GCC_PREPROCESSOR_DEFINITIONS = (
					"DEBUG=1",
					"$(inherited)",
				);
				GCC_WARN_64_TO_32_BIT_CONVERSION = YES;
				GCC_WARN_ABOUT_RETURN_TYPE = YES_ERROR;
				GCC_WARN_UNDECLARED_SELECTOR = YES;
				GCC_WARN_UNINITIALIZED_AUTOS = YES_AGGRESSIVE;
				GCC_WARN_UNUSED_FUNCTION = YES;
				GCC_WARN_UNUSED_VARIABLE = YES;
				INFOPLIST_FILE = ACKategoriesExample/Info.plist;
				IPHONEOS_DEPLOYMENT_TARGET = 13.2;
				LD_RUNPATH_SEARCH_PATHS = (
					"$(inherited)",
					"@executable_path/Frameworks",
				);
				MTL_ENABLE_DEBUG_INFO = INCLUDE_SOURCE;
				MTL_FAST_MATH = YES;
				ONLY_ACTIVE_ARCH = YES;
				PRODUCT_BUNDLE_IDENTIFIER = cz.ackee.enterprise.ACKategoriesExample;
				PRODUCT_NAME = "$(TARGET_NAME)";
				SDKROOT = iphoneos;
				SWIFT_ACTIVE_COMPILATION_CONDITIONS = DEBUG;
				SWIFT_OPTIMIZATION_LEVEL = "-Onone";
				TARGETED_DEVICE_FAMILY = "1,2";
			};
			name = Debug;
		};
		695096EB23C7908D00E8F457 /* Release */ = {
			isa = XCBuildConfiguration;
			buildSettings = {
				ALWAYS_SEARCH_USER_PATHS = NO;
				ASSETCATALOG_COMPILER_APPICON_NAME = AppIcon;
				CLANG_ANALYZER_NONNULL = YES;
				CLANG_ANALYZER_NUMBER_OBJECT_CONVERSION = YES_AGGRESSIVE;
				CLANG_CXX_LANGUAGE_STANDARD = "gnu++14";
				CLANG_CXX_LIBRARY = "libc++";
				CLANG_ENABLE_MODULES = YES;
				CLANG_ENABLE_OBJC_ARC = YES;
				CLANG_ENABLE_OBJC_WEAK = YES;
				CLANG_WARN_BLOCK_CAPTURE_AUTORELEASING = YES;
				CLANG_WARN_BOOL_CONVERSION = YES;
				CLANG_WARN_COMMA = YES;
				CLANG_WARN_CONSTANT_CONVERSION = YES;
				CLANG_WARN_DEPRECATED_OBJC_IMPLEMENTATIONS = YES;
				CLANG_WARN_DIRECT_OBJC_ISA_USAGE = YES_ERROR;
				CLANG_WARN_DOCUMENTATION_COMMENTS = YES;
				CLANG_WARN_EMPTY_BODY = YES;
				CLANG_WARN_ENUM_CONVERSION = YES;
				CLANG_WARN_INFINITE_RECURSION = YES;
				CLANG_WARN_INT_CONVERSION = YES;
				CLANG_WARN_NON_LITERAL_NULL_CONVERSION = YES;
				CLANG_WARN_OBJC_IMPLICIT_RETAIN_SELF = YES;
				CLANG_WARN_OBJC_LITERAL_CONVERSION = YES;
				CLANG_WARN_OBJC_ROOT_CLASS = YES_ERROR;
				CLANG_WARN_RANGE_LOOP_ANALYSIS = YES;
				CLANG_WARN_STRICT_PROTOTYPES = YES;
				CLANG_WARN_SUSPICIOUS_MOVE = YES;
				CLANG_WARN_UNGUARDED_AVAILABILITY = YES_AGGRESSIVE;
				CLANG_WARN_UNREACHABLE_CODE = YES;
				CLANG_WARN__DUPLICATE_METHOD_MATCH = YES;
				CODE_SIGN_STYLE = Automatic;
				COPY_PHASE_STRIP = NO;
				DEBUG_INFORMATION_FORMAT = "dwarf-with-dsym";
				ENABLE_NS_ASSERTIONS = NO;
				ENABLE_STRICT_OBJC_MSGSEND = YES;
				FRAMEWORK_SEARCH_PATHS = (
					"$(inherited)",
					"$(PROJECT_DIR)/Carthage/Build/iOS",
				);
				GCC_C_LANGUAGE_STANDARD = gnu11;
				GCC_NO_COMMON_BLOCKS = YES;
				GCC_WARN_64_TO_32_BIT_CONVERSION = YES;
				GCC_WARN_ABOUT_RETURN_TYPE = YES_ERROR;
				GCC_WARN_UNDECLARED_SELECTOR = YES;
				GCC_WARN_UNINITIALIZED_AUTOS = YES_AGGRESSIVE;
				GCC_WARN_UNUSED_FUNCTION = YES;
				GCC_WARN_UNUSED_VARIABLE = YES;
				INFOPLIST_FILE = ACKategoriesExample/Info.plist;
				IPHONEOS_DEPLOYMENT_TARGET = 13.2;
				LD_RUNPATH_SEARCH_PATHS = (
					"$(inherited)",
					"@executable_path/Frameworks",
				);
				MTL_ENABLE_DEBUG_INFO = NO;
				MTL_FAST_MATH = YES;
				PRODUCT_BUNDLE_IDENTIFIER = cz.ackee.enterprise.ACKategoriesExample;
				PRODUCT_NAME = "$(TARGET_NAME)";
				SDKROOT = iphoneos;
				SWIFT_COMPILATION_MODE = wholemodule;
				SWIFT_OPTIMIZATION_LEVEL = "-O";
				TARGETED_DEVICE_FAMILY = "1,2";
				VALIDATE_PRODUCT = YES;
			};
			name = Release;
		};
		69E819E323C773010054687B /* Debug */ = {
			isa = XCBuildConfiguration;
			buildSettings = {
				CLANG_WARN_BLOCK_CAPTURE_AUTORELEASING = YES;
				CLANG_WARN_BOOL_CONVERSION = YES;
				CLANG_WARN_COMMA = YES;
				CLANG_WARN_CONSTANT_CONVERSION = YES;
				CLANG_WARN_DEPRECATED_OBJC_IMPLEMENTATIONS = YES;
				CLANG_WARN_EMPTY_BODY = YES;
				CLANG_WARN_ENUM_CONVERSION = YES;
				CLANG_WARN_INFINITE_RECURSION = YES;
				CLANG_WARN_INT_CONVERSION = YES;
				CLANG_WARN_NON_LITERAL_NULL_CONVERSION = YES;
				CLANG_WARN_OBJC_IMPLICIT_RETAIN_SELF = YES;
				CLANG_WARN_OBJC_LITERAL_CONVERSION = YES;
				CLANG_WARN_RANGE_LOOP_ANALYSIS = YES;
				CLANG_WARN_STRICT_PROTOTYPES = YES;
				CLANG_WARN_SUSPICIOUS_MOVE = YES;
				CLANG_WARN_UNREACHABLE_CODE = YES;
				CLANG_WARN__DUPLICATE_METHOD_MATCH = YES;
				ENABLE_STRICT_OBJC_MSGSEND = YES;
				ENABLE_TESTABILITY = YES;
				GCC_NO_COMMON_BLOCKS = YES;
				GCC_WARN_64_TO_32_BIT_CONVERSION = YES;
				GCC_WARN_ABOUT_RETURN_TYPE = YES;
				GCC_WARN_UNDECLARED_SELECTOR = YES;
				GCC_WARN_UNINITIALIZED_AUTOS = YES;
				GCC_WARN_UNUSED_FUNCTION = YES;
				GCC_WARN_UNUSED_VARIABLE = YES;
				ONLY_ACTIVE_ARCH = YES;
				SWIFT_VERSION = 5.0;
			};
			name = Debug;
		};
		69E819E423C773010054687B /* Release */ = {
			isa = XCBuildConfiguration;
			buildSettings = {
				CLANG_WARN_BLOCK_CAPTURE_AUTORELEASING = YES;
				CLANG_WARN_BOOL_CONVERSION = YES;
				CLANG_WARN_COMMA = YES;
				CLANG_WARN_CONSTANT_CONVERSION = YES;
				CLANG_WARN_DEPRECATED_OBJC_IMPLEMENTATIONS = YES;
				CLANG_WARN_EMPTY_BODY = YES;
				CLANG_WARN_ENUM_CONVERSION = YES;
				CLANG_WARN_INFINITE_RECURSION = YES;
				CLANG_WARN_INT_CONVERSION = YES;
				CLANG_WARN_NON_LITERAL_NULL_CONVERSION = YES;
				CLANG_WARN_OBJC_IMPLICIT_RETAIN_SELF = YES;
				CLANG_WARN_OBJC_LITERAL_CONVERSION = YES;
				CLANG_WARN_RANGE_LOOP_ANALYSIS = YES;
				CLANG_WARN_STRICT_PROTOTYPES = YES;
				CLANG_WARN_SUSPICIOUS_MOVE = YES;
				CLANG_WARN_UNREACHABLE_CODE = YES;
				CLANG_WARN__DUPLICATE_METHOD_MATCH = YES;
				ENABLE_STRICT_OBJC_MSGSEND = YES;
				GCC_NO_COMMON_BLOCKS = YES;
				GCC_WARN_64_TO_32_BIT_CONVERSION = YES;
				GCC_WARN_ABOUT_RETURN_TYPE = YES;
				GCC_WARN_UNDECLARED_SELECTOR = YES;
				GCC_WARN_UNINITIALIZED_AUTOS = YES;
				GCC_WARN_UNUSED_FUNCTION = YES;
				GCC_WARN_UNUSED_VARIABLE = YES;
				SWIFT_VERSION = 5.0;
			};
			name = Release;
		};
		69E819FD23C773240054687B /* Debug */ = {
			isa = XCBuildConfiguration;
			buildSettings = {
				ALWAYS_SEARCH_USER_PATHS = NO;
				APPLICATION_EXTENSION_API_ONLY = YES;
				BUILD_LIBRARY_FOR_DISTRIBUTION = NO;
				CLANG_ANALYZER_NONNULL = YES;
				CLANG_ANALYZER_NUMBER_OBJECT_CONVERSION = YES_AGGRESSIVE;
				CLANG_CXX_LANGUAGE_STANDARD = "gnu++14";
				CLANG_CXX_LIBRARY = "libc++";
				CLANG_ENABLE_MODULES = YES;
				CLANG_ENABLE_OBJC_ARC = YES;
				CLANG_ENABLE_OBJC_WEAK = YES;
				CLANG_WARN_BLOCK_CAPTURE_AUTORELEASING = YES;
				CLANG_WARN_BOOL_CONVERSION = YES;
				CLANG_WARN_COMMA = YES;
				CLANG_WARN_CONSTANT_CONVERSION = YES;
				CLANG_WARN_DEPRECATED_OBJC_IMPLEMENTATIONS = YES;
				CLANG_WARN_DIRECT_OBJC_ISA_USAGE = YES_ERROR;
				CLANG_WARN_DOCUMENTATION_COMMENTS = YES;
				CLANG_WARN_EMPTY_BODY = YES;
				CLANG_WARN_ENUM_CONVERSION = YES;
				CLANG_WARN_INFINITE_RECURSION = YES;
				CLANG_WARN_INT_CONVERSION = YES;
				CLANG_WARN_NON_LITERAL_NULL_CONVERSION = YES;
				CLANG_WARN_OBJC_IMPLICIT_RETAIN_SELF = YES;
				CLANG_WARN_OBJC_LITERAL_CONVERSION = YES;
				CLANG_WARN_OBJC_ROOT_CLASS = YES_ERROR;
				CLANG_WARN_RANGE_LOOP_ANALYSIS = YES;
				CLANG_WARN_STRICT_PROTOTYPES = YES;
				CLANG_WARN_SUSPICIOUS_MOVE = YES;
				CLANG_WARN_UNGUARDED_AVAILABILITY = YES_AGGRESSIVE;
				CLANG_WARN_UNREACHABLE_CODE = YES;
				CLANG_WARN__DUPLICATE_METHOD_MATCH = YES;
				CODE_SIGN_STYLE = Automatic;
				COMBINE_HIDPI_IMAGES = YES;
				COPY_PHASE_STRIP = NO;
				CURRENT_PROJECT_VERSION = 1;
				DEBUG_INFORMATION_FORMAT = dwarf;
				DEFINES_MODULE = YES;
				DYLIB_COMPATIBILITY_VERSION = 1;
				DYLIB_CURRENT_VERSION = 1;
				DYLIB_INSTALL_NAME_BASE = "@rpath";
				ENABLE_STRICT_OBJC_MSGSEND = YES;
				ENABLE_TESTABILITY = YES;
				GCC_C_LANGUAGE_STANDARD = gnu11;
				GCC_DYNAMIC_NO_PIC = NO;
				GCC_NO_COMMON_BLOCKS = YES;
				GCC_OPTIMIZATION_LEVEL = 0;
				GCC_PREPROCESSOR_DEFINITIONS = (
					"DEBUG=1",
					"$(inherited)",
				);
				GCC_WARN_64_TO_32_BIT_CONVERSION = YES;
				GCC_WARN_ABOUT_RETURN_TYPE = YES_ERROR;
				GCC_WARN_UNDECLARED_SELECTOR = YES;
				GCC_WARN_UNINITIALIZED_AUTOS = YES_AGGRESSIVE;
				GCC_WARN_UNUSED_FUNCTION = YES;
				GCC_WARN_UNUSED_VARIABLE = YES;
				INFOPLIST_FILE = "ACKategoriesCore/Supporting files/Info.plist";
				INSTALL_PATH = "$(LOCAL_LIBRARY_DIR)/Frameworks";
				LD_RUNPATH_SEARCH_PATHS = (
					"$(inherited)",
					"@executable_path/../Frameworks",
					"@loader_path/Frameworks",
				);
				MACOSX_DEPLOYMENT_TARGET = 10.9;
				MTL_ENABLE_DEBUG_INFO = INCLUDE_SOURCE;
				MTL_FAST_MATH = YES;
				ONLY_ACTIVE_ARCH = YES;
				PRODUCT_BUNDLE_IDENTIFIER = cz.ackee.enterprise.ACKategoriesCore;
				PRODUCT_NAME = "$(TARGET_NAME:c99extidentifier)";
				SDKROOT = macosx;
				SKIP_INSTALL = YES;
				SWIFT_ACTIVE_COMPILATION_CONDITIONS = DEBUG;
				SWIFT_OPTIMIZATION_LEVEL = "-Onone";
				VERSIONING_SYSTEM = "apple-generic";
				VERSION_INFO_PREFIX = "";
			};
			name = Debug;
		};
		69E819FE23C773240054687B /* Release */ = {
			isa = XCBuildConfiguration;
			buildSettings = {
				ALWAYS_SEARCH_USER_PATHS = NO;
				APPLICATION_EXTENSION_API_ONLY = YES;
				BUILD_LIBRARY_FOR_DISTRIBUTION = NO;
				CLANG_ANALYZER_NONNULL = YES;
				CLANG_ANALYZER_NUMBER_OBJECT_CONVERSION = YES_AGGRESSIVE;
				CLANG_CXX_LANGUAGE_STANDARD = "gnu++14";
				CLANG_CXX_LIBRARY = "libc++";
				CLANG_ENABLE_MODULES = YES;
				CLANG_ENABLE_OBJC_ARC = YES;
				CLANG_ENABLE_OBJC_WEAK = YES;
				CLANG_WARN_BLOCK_CAPTURE_AUTORELEASING = YES;
				CLANG_WARN_BOOL_CONVERSION = YES;
				CLANG_WARN_COMMA = YES;
				CLANG_WARN_CONSTANT_CONVERSION = YES;
				CLANG_WARN_DEPRECATED_OBJC_IMPLEMENTATIONS = YES;
				CLANG_WARN_DIRECT_OBJC_ISA_USAGE = YES_ERROR;
				CLANG_WARN_DOCUMENTATION_COMMENTS = YES;
				CLANG_WARN_EMPTY_BODY = YES;
				CLANG_WARN_ENUM_CONVERSION = YES;
				CLANG_WARN_INFINITE_RECURSION = YES;
				CLANG_WARN_INT_CONVERSION = YES;
				CLANG_WARN_NON_LITERAL_NULL_CONVERSION = YES;
				CLANG_WARN_OBJC_IMPLICIT_RETAIN_SELF = YES;
				CLANG_WARN_OBJC_LITERAL_CONVERSION = YES;
				CLANG_WARN_OBJC_ROOT_CLASS = YES_ERROR;
				CLANG_WARN_RANGE_LOOP_ANALYSIS = YES;
				CLANG_WARN_STRICT_PROTOTYPES = YES;
				CLANG_WARN_SUSPICIOUS_MOVE = YES;
				CLANG_WARN_UNGUARDED_AVAILABILITY = YES_AGGRESSIVE;
				CLANG_WARN_UNREACHABLE_CODE = YES;
				CLANG_WARN__DUPLICATE_METHOD_MATCH = YES;
				CODE_SIGN_STYLE = Automatic;
				COMBINE_HIDPI_IMAGES = YES;
				COPY_PHASE_STRIP = NO;
				CURRENT_PROJECT_VERSION = 1;
				DEBUG_INFORMATION_FORMAT = "dwarf-with-dsym";
				DEFINES_MODULE = YES;
				DYLIB_COMPATIBILITY_VERSION = 1;
				DYLIB_CURRENT_VERSION = 1;
				DYLIB_INSTALL_NAME_BASE = "@rpath";
				ENABLE_NS_ASSERTIONS = NO;
				ENABLE_STRICT_OBJC_MSGSEND = YES;
				GCC_C_LANGUAGE_STANDARD = gnu11;
				GCC_NO_COMMON_BLOCKS = YES;
				GCC_WARN_64_TO_32_BIT_CONVERSION = YES;
				GCC_WARN_ABOUT_RETURN_TYPE = YES_ERROR;
				GCC_WARN_UNDECLARED_SELECTOR = YES;
				GCC_WARN_UNINITIALIZED_AUTOS = YES_AGGRESSIVE;
				GCC_WARN_UNUSED_FUNCTION = YES;
				GCC_WARN_UNUSED_VARIABLE = YES;
				INFOPLIST_FILE = "ACKategoriesCore/Supporting files/Info.plist";
				INSTALL_PATH = "$(LOCAL_LIBRARY_DIR)/Frameworks";
				LD_RUNPATH_SEARCH_PATHS = (
					"$(inherited)",
					"@executable_path/../Frameworks",
					"@loader_path/Frameworks",
				);
				MACOSX_DEPLOYMENT_TARGET = 10.9;
				MTL_ENABLE_DEBUG_INFO = NO;
				MTL_FAST_MATH = YES;
				PRODUCT_BUNDLE_IDENTIFIER = cz.ackee.enterprise.ACKategoriesCore;
				PRODUCT_NAME = "$(TARGET_NAME:c99extidentifier)";
				SDKROOT = macosx;
				SKIP_INSTALL = YES;
				SWIFT_COMPILATION_MODE = wholemodule;
				SWIFT_OPTIMIZATION_LEVEL = "-O";
				VERSIONING_SYSTEM = "apple-generic";
				VERSION_INFO_PREFIX = "";
			};
			name = Release;
		};
		69E81A0023C773240054687B /* Debug */ = {
			isa = XCBuildConfiguration;
			buildSettings = {
				ALWAYS_EMBED_SWIFT_STANDARD_LIBRARIES = YES;
				ALWAYS_SEARCH_USER_PATHS = NO;
				CLANG_ANALYZER_NONNULL = YES;
				CLANG_ANALYZER_NUMBER_OBJECT_CONVERSION = YES_AGGRESSIVE;
				CLANG_CXX_LANGUAGE_STANDARD = "gnu++14";
				CLANG_CXX_LIBRARY = "libc++";
				CLANG_ENABLE_MODULES = YES;
				CLANG_ENABLE_OBJC_ARC = YES;
				CLANG_ENABLE_OBJC_WEAK = YES;
				CLANG_WARN_BLOCK_CAPTURE_AUTORELEASING = YES;
				CLANG_WARN_BOOL_CONVERSION = YES;
				CLANG_WARN_COMMA = YES;
				CLANG_WARN_CONSTANT_CONVERSION = YES;
				CLANG_WARN_DEPRECATED_OBJC_IMPLEMENTATIONS = YES;
				CLANG_WARN_DIRECT_OBJC_ISA_USAGE = YES_ERROR;
				CLANG_WARN_DOCUMENTATION_COMMENTS = YES;
				CLANG_WARN_EMPTY_BODY = YES;
				CLANG_WARN_ENUM_CONVERSION = YES;
				CLANG_WARN_INFINITE_RECURSION = YES;
				CLANG_WARN_INT_CONVERSION = YES;
				CLANG_WARN_NON_LITERAL_NULL_CONVERSION = YES;
				CLANG_WARN_OBJC_IMPLICIT_RETAIN_SELF = YES;
				CLANG_WARN_OBJC_LITERAL_CONVERSION = YES;
				CLANG_WARN_OBJC_ROOT_CLASS = YES_ERROR;
				CLANG_WARN_RANGE_LOOP_ANALYSIS = YES;
				CLANG_WARN_STRICT_PROTOTYPES = YES;
				CLANG_WARN_SUSPICIOUS_MOVE = YES;
				CLANG_WARN_UNGUARDED_AVAILABILITY = YES_AGGRESSIVE;
				CLANG_WARN_UNREACHABLE_CODE = YES;
				CLANG_WARN__DUPLICATE_METHOD_MATCH = YES;
				CODE_SIGN_STYLE = Automatic;
				COMBINE_HIDPI_IMAGES = YES;
				COPY_PHASE_STRIP = NO;
				DEBUG_INFORMATION_FORMAT = dwarf;
				ENABLE_STRICT_OBJC_MSGSEND = YES;
				ENABLE_TESTABILITY = YES;
				GCC_C_LANGUAGE_STANDARD = gnu11;
				GCC_DYNAMIC_NO_PIC = NO;
				GCC_NO_COMMON_BLOCKS = YES;
				GCC_OPTIMIZATION_LEVEL = 0;
				GCC_PREPROCESSOR_DEFINITIONS = (
					"DEBUG=1",
					"$(inherited)",
				);
				GCC_WARN_64_TO_32_BIT_CONVERSION = YES;
				GCC_WARN_ABOUT_RETURN_TYPE = YES_ERROR;
				GCC_WARN_UNDECLARED_SELECTOR = YES;
				GCC_WARN_UNINITIALIZED_AUTOS = YES_AGGRESSIVE;
				GCC_WARN_UNUSED_FUNCTION = YES;
				GCC_WARN_UNUSED_VARIABLE = YES;
				INFOPLIST_FILE = ACKategoriesCoreTests/Info.plist;
				LD_RUNPATH_SEARCH_PATHS = (
					"$(inherited)",
					"@executable_path/../Frameworks",
					"@loader_path/../Frameworks",
				);
				MACOSX_DEPLOYMENT_TARGET = 10.15;
				MTL_ENABLE_DEBUG_INFO = INCLUDE_SOURCE;
				MTL_FAST_MATH = YES;
				ONLY_ACTIVE_ARCH = YES;
				PRODUCT_BUNDLE_IDENTIFIER = cz.ackee.enterprise.ACKategoriesCoreTests;
				PRODUCT_NAME = "$(TARGET_NAME)";
				SDKROOT = macosx;
				SWIFT_ACTIVE_COMPILATION_CONDITIONS = DEBUG;
				SWIFT_OPTIMIZATION_LEVEL = "-Onone";
			};
			name = Debug;
		};
		69E81A0123C773240054687B /* Release */ = {
			isa = XCBuildConfiguration;
			buildSettings = {
				ALWAYS_EMBED_SWIFT_STANDARD_LIBRARIES = YES;
				ALWAYS_SEARCH_USER_PATHS = NO;
				CLANG_ANALYZER_NONNULL = YES;
				CLANG_ANALYZER_NUMBER_OBJECT_CONVERSION = YES_AGGRESSIVE;
				CLANG_CXX_LANGUAGE_STANDARD = "gnu++14";
				CLANG_CXX_LIBRARY = "libc++";
				CLANG_ENABLE_MODULES = YES;
				CLANG_ENABLE_OBJC_ARC = YES;
				CLANG_ENABLE_OBJC_WEAK = YES;
				CLANG_WARN_BLOCK_CAPTURE_AUTORELEASING = YES;
				CLANG_WARN_BOOL_CONVERSION = YES;
				CLANG_WARN_COMMA = YES;
				CLANG_WARN_CONSTANT_CONVERSION = YES;
				CLANG_WARN_DEPRECATED_OBJC_IMPLEMENTATIONS = YES;
				CLANG_WARN_DIRECT_OBJC_ISA_USAGE = YES_ERROR;
				CLANG_WARN_DOCUMENTATION_COMMENTS = YES;
				CLANG_WARN_EMPTY_BODY = YES;
				CLANG_WARN_ENUM_CONVERSION = YES;
				CLANG_WARN_INFINITE_RECURSION = YES;
				CLANG_WARN_INT_CONVERSION = YES;
				CLANG_WARN_NON_LITERAL_NULL_CONVERSION = YES;
				CLANG_WARN_OBJC_IMPLICIT_RETAIN_SELF = YES;
				CLANG_WARN_OBJC_LITERAL_CONVERSION = YES;
				CLANG_WARN_OBJC_ROOT_CLASS = YES_ERROR;
				CLANG_WARN_RANGE_LOOP_ANALYSIS = YES;
				CLANG_WARN_STRICT_PROTOTYPES = YES;
				CLANG_WARN_SUSPICIOUS_MOVE = YES;
				CLANG_WARN_UNGUARDED_AVAILABILITY = YES_AGGRESSIVE;
				CLANG_WARN_UNREACHABLE_CODE = YES;
				CLANG_WARN__DUPLICATE_METHOD_MATCH = YES;
				CODE_SIGN_STYLE = Automatic;
				COMBINE_HIDPI_IMAGES = YES;
				COPY_PHASE_STRIP = NO;
				DEBUG_INFORMATION_FORMAT = "dwarf-with-dsym";
				ENABLE_NS_ASSERTIONS = NO;
				ENABLE_STRICT_OBJC_MSGSEND = YES;
				GCC_C_LANGUAGE_STANDARD = gnu11;
				GCC_NO_COMMON_BLOCKS = YES;
				GCC_WARN_64_TO_32_BIT_CONVERSION = YES;
				GCC_WARN_ABOUT_RETURN_TYPE = YES_ERROR;
				GCC_WARN_UNDECLARED_SELECTOR = YES;
				GCC_WARN_UNINITIALIZED_AUTOS = YES_AGGRESSIVE;
				GCC_WARN_UNUSED_FUNCTION = YES;
				GCC_WARN_UNUSED_VARIABLE = YES;
				INFOPLIST_FILE = ACKategoriesCoreTests/Info.plist;
				LD_RUNPATH_SEARCH_PATHS = (
					"$(inherited)",
					"@executable_path/../Frameworks",
					"@loader_path/../Frameworks",
				);
				MACOSX_DEPLOYMENT_TARGET = 10.15;
				MTL_ENABLE_DEBUG_INFO = NO;
				MTL_FAST_MATH = YES;
				PRODUCT_BUNDLE_IDENTIFIER = cz.ackee.enterprise.ACKategoriesCoreTests;
				PRODUCT_NAME = "$(TARGET_NAME)";
				SDKROOT = macosx;
				SWIFT_COMPILATION_MODE = wholemodule;
				SWIFT_OPTIMIZATION_LEVEL = "-O";
			};
			name = Release;
		};
		69E81A1923C773370054687B /* Debug */ = {
			isa = XCBuildConfiguration;
			buildSettings = {
				ALWAYS_SEARCH_USER_PATHS = NO;
				APPLICATION_EXTENSION_API_ONLY = YES;
				BUILD_LIBRARY_FOR_DISTRIBUTION = NO;
				CLANG_ANALYZER_NONNULL = YES;
				CLANG_ANALYZER_NUMBER_OBJECT_CONVERSION = YES_AGGRESSIVE;
				CLANG_CXX_LANGUAGE_STANDARD = "gnu++14";
				CLANG_CXX_LIBRARY = "libc++";
				CLANG_ENABLE_MODULES = YES;
				CLANG_ENABLE_OBJC_ARC = YES;
				CLANG_ENABLE_OBJC_WEAK = YES;
				CLANG_WARN_BLOCK_CAPTURE_AUTORELEASING = YES;
				CLANG_WARN_BOOL_CONVERSION = YES;
				CLANG_WARN_COMMA = YES;
				CLANG_WARN_CONSTANT_CONVERSION = YES;
				CLANG_WARN_DEPRECATED_OBJC_IMPLEMENTATIONS = YES;
				CLANG_WARN_DIRECT_OBJC_ISA_USAGE = YES_ERROR;
				CLANG_WARN_DOCUMENTATION_COMMENTS = YES;
				CLANG_WARN_EMPTY_BODY = YES;
				CLANG_WARN_ENUM_CONVERSION = YES;
				CLANG_WARN_INFINITE_RECURSION = YES;
				CLANG_WARN_INT_CONVERSION = YES;
				CLANG_WARN_NON_LITERAL_NULL_CONVERSION = YES;
				CLANG_WARN_OBJC_IMPLICIT_RETAIN_SELF = YES;
				CLANG_WARN_OBJC_LITERAL_CONVERSION = YES;
				CLANG_WARN_OBJC_ROOT_CLASS = YES_ERROR;
				CLANG_WARN_RANGE_LOOP_ANALYSIS = YES;
				CLANG_WARN_STRICT_PROTOTYPES = YES;
				CLANG_WARN_SUSPICIOUS_MOVE = YES;
				CLANG_WARN_UNGUARDED_AVAILABILITY = YES_AGGRESSIVE;
				CLANG_WARN_UNREACHABLE_CODE = YES;
				CLANG_WARN__DUPLICATE_METHOD_MATCH = YES;
				CODE_SIGN_STYLE = Automatic;
				COPY_PHASE_STRIP = NO;
				CURRENT_PROJECT_VERSION = 1;
				DEBUG_INFORMATION_FORMAT = dwarf;
				DEFINES_MODULE = YES;
				DYLIB_COMPATIBILITY_VERSION = 1;
				DYLIB_CURRENT_VERSION = 1;
				DYLIB_INSTALL_NAME_BASE = "@rpath";
				ENABLE_STRICT_OBJC_MSGSEND = YES;
				ENABLE_TESTABILITY = YES;
				GCC_C_LANGUAGE_STANDARD = gnu11;
				GCC_DYNAMIC_NO_PIC = NO;
				GCC_NO_COMMON_BLOCKS = YES;
				GCC_OPTIMIZATION_LEVEL = 0;
				GCC_PREPROCESSOR_DEFINITIONS = (
					"DEBUG=1",
					"$(inherited)",
				);
				GCC_WARN_64_TO_32_BIT_CONVERSION = YES;
				GCC_WARN_ABOUT_RETURN_TYPE = YES_ERROR;
				GCC_WARN_UNDECLARED_SELECTOR = YES;
				GCC_WARN_UNINITIALIZED_AUTOS = YES_AGGRESSIVE;
				GCC_WARN_UNUSED_FUNCTION = YES;
				GCC_WARN_UNUSED_VARIABLE = YES;
				INFOPLIST_FILE = "ACKategories-iOS/Supporting files/Info.plist";
				INSTALL_PATH = "$(LOCAL_LIBRARY_DIR)/Frameworks";
				IPHONEOS_DEPLOYMENT_TARGET = 8.3;
				LD_RUNPATH_SEARCH_PATHS = (
					"$(inherited)",
					"@executable_path/Frameworks",
					"@loader_path/Frameworks",
				);
				MTL_ENABLE_DEBUG_INFO = INCLUDE_SOURCE;
				MTL_FAST_MATH = YES;
				ONLY_ACTIVE_ARCH = YES;
				PRODUCT_BUNDLE_IDENTIFIER = "cz.ackee.enterprise.ACKategories-iOS";
				PRODUCT_NAME = ACKategories;
				SDKROOT = iphoneos;
				SKIP_INSTALL = YES;
				SUPPORTS_MACCATALYST = YES;
				SWIFT_ACTIVE_COMPILATION_CONDITIONS = DEBUG;
				SWIFT_OPTIMIZATION_LEVEL = "-Onone";
				TARGETED_DEVICE_FAMILY = "1,2";
				VERSIONING_SYSTEM = "apple-generic";
				VERSION_INFO_PREFIX = "";
			};
			name = Debug;
		};
		69E81A1A23C773370054687B /* Release */ = {
			isa = XCBuildConfiguration;
			buildSettings = {
				ALWAYS_SEARCH_USER_PATHS = NO;
				APPLICATION_EXTENSION_API_ONLY = YES;
				BUILD_LIBRARY_FOR_DISTRIBUTION = NO;
				CLANG_ANALYZER_NONNULL = YES;
				CLANG_ANALYZER_NUMBER_OBJECT_CONVERSION = YES_AGGRESSIVE;
				CLANG_CXX_LANGUAGE_STANDARD = "gnu++14";
				CLANG_CXX_LIBRARY = "libc++";
				CLANG_ENABLE_MODULES = YES;
				CLANG_ENABLE_OBJC_ARC = YES;
				CLANG_ENABLE_OBJC_WEAK = YES;
				CLANG_WARN_BLOCK_CAPTURE_AUTORELEASING = YES;
				CLANG_WARN_BOOL_CONVERSION = YES;
				CLANG_WARN_COMMA = YES;
				CLANG_WARN_CONSTANT_CONVERSION = YES;
				CLANG_WARN_DEPRECATED_OBJC_IMPLEMENTATIONS = YES;
				CLANG_WARN_DIRECT_OBJC_ISA_USAGE = YES_ERROR;
				CLANG_WARN_DOCUMENTATION_COMMENTS = YES;
				CLANG_WARN_EMPTY_BODY = YES;
				CLANG_WARN_ENUM_CONVERSION = YES;
				CLANG_WARN_INFINITE_RECURSION = YES;
				CLANG_WARN_INT_CONVERSION = YES;
				CLANG_WARN_NON_LITERAL_NULL_CONVERSION = YES;
				CLANG_WARN_OBJC_IMPLICIT_RETAIN_SELF = YES;
				CLANG_WARN_OBJC_LITERAL_CONVERSION = YES;
				CLANG_WARN_OBJC_ROOT_CLASS = YES_ERROR;
				CLANG_WARN_RANGE_LOOP_ANALYSIS = YES;
				CLANG_WARN_STRICT_PROTOTYPES = YES;
				CLANG_WARN_SUSPICIOUS_MOVE = YES;
				CLANG_WARN_UNGUARDED_AVAILABILITY = YES_AGGRESSIVE;
				CLANG_WARN_UNREACHABLE_CODE = YES;
				CLANG_WARN__DUPLICATE_METHOD_MATCH = YES;
				CODE_SIGN_STYLE = Automatic;
				COPY_PHASE_STRIP = NO;
				CURRENT_PROJECT_VERSION = 1;
				DEBUG_INFORMATION_FORMAT = "dwarf-with-dsym";
				DEFINES_MODULE = YES;
				DYLIB_COMPATIBILITY_VERSION = 1;
				DYLIB_CURRENT_VERSION = 1;
				DYLIB_INSTALL_NAME_BASE = "@rpath";
				ENABLE_NS_ASSERTIONS = NO;
				ENABLE_STRICT_OBJC_MSGSEND = YES;
				GCC_C_LANGUAGE_STANDARD = gnu11;
				GCC_NO_COMMON_BLOCKS = YES;
				GCC_WARN_64_TO_32_BIT_CONVERSION = YES;
				GCC_WARN_ABOUT_RETURN_TYPE = YES_ERROR;
				GCC_WARN_UNDECLARED_SELECTOR = YES;
				GCC_WARN_UNINITIALIZED_AUTOS = YES_AGGRESSIVE;
				GCC_WARN_UNUSED_FUNCTION = YES;
				GCC_WARN_UNUSED_VARIABLE = YES;
				INFOPLIST_FILE = "ACKategories-iOS/Supporting files/Info.plist";
				INSTALL_PATH = "$(LOCAL_LIBRARY_DIR)/Frameworks";
				IPHONEOS_DEPLOYMENT_TARGET = 8.3;
				LD_RUNPATH_SEARCH_PATHS = (
					"$(inherited)",
					"@executable_path/Frameworks",
					"@loader_path/Frameworks",
				);
				MTL_ENABLE_DEBUG_INFO = NO;
				MTL_FAST_MATH = YES;
				PRODUCT_BUNDLE_IDENTIFIER = "cz.ackee.enterprise.ACKategories-iOS";
				PRODUCT_NAME = ACKategories;
				SDKROOT = iphoneos;
				SKIP_INSTALL = YES;
				SUPPORTS_MACCATALYST = YES;
				SWIFT_COMPILATION_MODE = wholemodule;
				SWIFT_OPTIMIZATION_LEVEL = "-O";
				TARGETED_DEVICE_FAMILY = "1,2";
				VALIDATE_PRODUCT = YES;
				VERSIONING_SYSTEM = "apple-generic";
				VERSION_INFO_PREFIX = "";
			};
			name = Release;
		};
		69E81A1C23C773370054687B /* Debug */ = {
			isa = XCBuildConfiguration;
			buildSettings = {
				ALWAYS_EMBED_SWIFT_STANDARD_LIBRARIES = YES;
				ALWAYS_SEARCH_USER_PATHS = NO;
				CLANG_ANALYZER_NONNULL = YES;
				CLANG_ANALYZER_NUMBER_OBJECT_CONVERSION = YES_AGGRESSIVE;
				CLANG_CXX_LANGUAGE_STANDARD = "gnu++14";
				CLANG_CXX_LIBRARY = "libc++";
				CLANG_ENABLE_MODULES = YES;
				CLANG_ENABLE_OBJC_ARC = YES;
				CLANG_ENABLE_OBJC_WEAK = YES;
				CLANG_WARN_BLOCK_CAPTURE_AUTORELEASING = YES;
				CLANG_WARN_BOOL_CONVERSION = YES;
				CLANG_WARN_COMMA = YES;
				CLANG_WARN_CONSTANT_CONVERSION = YES;
				CLANG_WARN_DEPRECATED_OBJC_IMPLEMENTATIONS = YES;
				CLANG_WARN_DIRECT_OBJC_ISA_USAGE = YES_ERROR;
				CLANG_WARN_DOCUMENTATION_COMMENTS = YES;
				CLANG_WARN_EMPTY_BODY = YES;
				CLANG_WARN_ENUM_CONVERSION = YES;
				CLANG_WARN_INFINITE_RECURSION = YES;
				CLANG_WARN_INT_CONVERSION = YES;
				CLANG_WARN_NON_LITERAL_NULL_CONVERSION = YES;
				CLANG_WARN_OBJC_IMPLICIT_RETAIN_SELF = YES;
				CLANG_WARN_OBJC_LITERAL_CONVERSION = YES;
				CLANG_WARN_OBJC_ROOT_CLASS = YES_ERROR;
				CLANG_WARN_RANGE_LOOP_ANALYSIS = YES;
				CLANG_WARN_STRICT_PROTOTYPES = YES;
				CLANG_WARN_SUSPICIOUS_MOVE = YES;
				CLANG_WARN_UNGUARDED_AVAILABILITY = YES_AGGRESSIVE;
				CLANG_WARN_UNREACHABLE_CODE = YES;
				CLANG_WARN__DUPLICATE_METHOD_MATCH = YES;
				CODE_SIGN_STYLE = Automatic;
				COPY_PHASE_STRIP = NO;
				DEBUG_INFORMATION_FORMAT = dwarf;
				ENABLE_STRICT_OBJC_MSGSEND = YES;
				ENABLE_TESTABILITY = YES;
				FRAMEWORK_SEARCH_PATHS = (
					"$(inherited)",
					"$(PROJECT_DIR)/Carthage/Build/iOS",
				);
				GCC_C_LANGUAGE_STANDARD = gnu11;
				GCC_DYNAMIC_NO_PIC = NO;
				GCC_NO_COMMON_BLOCKS = YES;
				GCC_OPTIMIZATION_LEVEL = 0;
				GCC_PREPROCESSOR_DEFINITIONS = (
					"DEBUG=1",
					"$(inherited)",
				);
				GCC_WARN_64_TO_32_BIT_CONVERSION = YES;
				GCC_WARN_ABOUT_RETURN_TYPE = YES_ERROR;
				GCC_WARN_UNDECLARED_SELECTOR = YES;
				GCC_WARN_UNINITIALIZED_AUTOS = YES_AGGRESSIVE;
				GCC_WARN_UNUSED_FUNCTION = YES;
				GCC_WARN_UNUSED_VARIABLE = YES;
				INFOPLIST_FILE = "ACKategories-iOSTests/Info.plist";
				IPHONEOS_DEPLOYMENT_TARGET = 13.2;
				LD_RUNPATH_SEARCH_PATHS = (
					"$(inherited)",
					"@executable_path/Frameworks",
					"@loader_path/Frameworks",
				);
				MTL_ENABLE_DEBUG_INFO = INCLUDE_SOURCE;
				MTL_FAST_MATH = YES;
				ONLY_ACTIVE_ARCH = YES;
				PRODUCT_BUNDLE_IDENTIFIER = "cz.ackee.enterprise.ACKategories-iOSTests";
				PRODUCT_NAME = "$(TARGET_NAME)";
				SDKROOT = iphoneos;
				SWIFT_ACTIVE_COMPILATION_CONDITIONS = DEBUG;
				SWIFT_OPTIMIZATION_LEVEL = "-Onone";
				TARGETED_DEVICE_FAMILY = "1,2";
				TEST_HOST = "$(BUILT_PRODUCTS_DIR)/ACKategoriesExample.app/ACKategoriesExample";
			};
			name = Debug;
		};
		69E81A1D23C773370054687B /* Release */ = {
			isa = XCBuildConfiguration;
			buildSettings = {
				ALWAYS_EMBED_SWIFT_STANDARD_LIBRARIES = YES;
				ALWAYS_SEARCH_USER_PATHS = NO;
				CLANG_ANALYZER_NONNULL = YES;
				CLANG_ANALYZER_NUMBER_OBJECT_CONVERSION = YES_AGGRESSIVE;
				CLANG_CXX_LANGUAGE_STANDARD = "gnu++14";
				CLANG_CXX_LIBRARY = "libc++";
				CLANG_ENABLE_MODULES = YES;
				CLANG_ENABLE_OBJC_ARC = YES;
				CLANG_ENABLE_OBJC_WEAK = YES;
				CLANG_WARN_BLOCK_CAPTURE_AUTORELEASING = YES;
				CLANG_WARN_BOOL_CONVERSION = YES;
				CLANG_WARN_COMMA = YES;
				CLANG_WARN_CONSTANT_CONVERSION = YES;
				CLANG_WARN_DEPRECATED_OBJC_IMPLEMENTATIONS = YES;
				CLANG_WARN_DIRECT_OBJC_ISA_USAGE = YES_ERROR;
				CLANG_WARN_DOCUMENTATION_COMMENTS = YES;
				CLANG_WARN_EMPTY_BODY = YES;
				CLANG_WARN_ENUM_CONVERSION = YES;
				CLANG_WARN_INFINITE_RECURSION = YES;
				CLANG_WARN_INT_CONVERSION = YES;
				CLANG_WARN_NON_LITERAL_NULL_CONVERSION = YES;
				CLANG_WARN_OBJC_IMPLICIT_RETAIN_SELF = YES;
				CLANG_WARN_OBJC_LITERAL_CONVERSION = YES;
				CLANG_WARN_OBJC_ROOT_CLASS = YES_ERROR;
				CLANG_WARN_RANGE_LOOP_ANALYSIS = YES;
				CLANG_WARN_STRICT_PROTOTYPES = YES;
				CLANG_WARN_SUSPICIOUS_MOVE = YES;
				CLANG_WARN_UNGUARDED_AVAILABILITY = YES_AGGRESSIVE;
				CLANG_WARN_UNREACHABLE_CODE = YES;
				CLANG_WARN__DUPLICATE_METHOD_MATCH = YES;
				CODE_SIGN_STYLE = Automatic;
				COPY_PHASE_STRIP = NO;
				DEBUG_INFORMATION_FORMAT = "dwarf-with-dsym";
				ENABLE_NS_ASSERTIONS = NO;
				ENABLE_STRICT_OBJC_MSGSEND = YES;
				FRAMEWORK_SEARCH_PATHS = (
					"$(inherited)",
					"$(PROJECT_DIR)/Carthage/Build/iOS",
				);
				GCC_C_LANGUAGE_STANDARD = gnu11;
				GCC_NO_COMMON_BLOCKS = YES;
				GCC_WARN_64_TO_32_BIT_CONVERSION = YES;
				GCC_WARN_ABOUT_RETURN_TYPE = YES_ERROR;
				GCC_WARN_UNDECLARED_SELECTOR = YES;
				GCC_WARN_UNINITIALIZED_AUTOS = YES_AGGRESSIVE;
				GCC_WARN_UNUSED_FUNCTION = YES;
				GCC_WARN_UNUSED_VARIABLE = YES;
				INFOPLIST_FILE = "ACKategories-iOSTests/Info.plist";
				IPHONEOS_DEPLOYMENT_TARGET = 13.2;
				LD_RUNPATH_SEARCH_PATHS = (
					"$(inherited)",
					"@executable_path/Frameworks",
					"@loader_path/Frameworks",
				);
				MTL_ENABLE_DEBUG_INFO = NO;
				MTL_FAST_MATH = YES;
				PRODUCT_BUNDLE_IDENTIFIER = "cz.ackee.enterprise.ACKategories-iOSTests";
				PRODUCT_NAME = "$(TARGET_NAME)";
				SDKROOT = iphoneos;
				SWIFT_COMPILATION_MODE = wholemodule;
				SWIFT_OPTIMIZATION_LEVEL = "-O";
				TARGETED_DEVICE_FAMILY = "1,2";
				TEST_HOST = "$(BUILT_PRODUCTS_DIR)/ACKategoriesExample.app/ACKategoriesExample";
				VALIDATE_PRODUCT = YES;
			};
			name = Release;
		};
		69EB1E9E2498CDE900AF815F /* Debug */ = {
			isa = XCBuildConfiguration;
			buildSettings = {
				CODE_SIGN_STYLE = Automatic;
				PRODUCT_NAME = "$(TARGET_NAME)";
			};
			name = Debug;
		};
		69EB1E9F2498CDE900AF815F /* Release */ = {
			isa = XCBuildConfiguration;
			buildSettings = {
				CODE_SIGN_STYLE = Automatic;
				PRODUCT_NAME = "$(TARGET_NAME)";
			};
			name = Release;
		};
/* End XCBuildConfiguration section */

/* Begin XCConfigurationList section */
		695096E923C7908D00E8F457 /* Build configuration list for PBXNativeTarget "ACKategoriesExample" */ = {
			isa = XCConfigurationList;
			buildConfigurations = (
				695096EA23C7908D00E8F457 /* Debug */,
				695096EB23C7908D00E8F457 /* Release */,
			);
			defaultConfigurationIsVisible = 0;
			defaultConfigurationName = Release;
		};
		69E819E223C773010054687B /* Build configuration list for PBXProject "ACKategories" */ = {
			isa = XCConfigurationList;
			buildConfigurations = (
				69E819E323C773010054687B /* Debug */,
				69E819E423C773010054687B /* Release */,
			);
			defaultConfigurationIsVisible = 0;
			defaultConfigurationName = Release;
		};
		69E819FC23C773240054687B /* Build configuration list for PBXNativeTarget "ACKategoriesCore" */ = {
			isa = XCConfigurationList;
			buildConfigurations = (
				69E819FD23C773240054687B /* Debug */,
				69E819FE23C773240054687B /* Release */,
			);
			defaultConfigurationIsVisible = 0;
			defaultConfigurationName = Release;
		};
		69E819FF23C773240054687B /* Build configuration list for PBXNativeTarget "ACKategoriesCoreTests" */ = {
			isa = XCConfigurationList;
			buildConfigurations = (
				69E81A0023C773240054687B /* Debug */,
				69E81A0123C773240054687B /* Release */,
			);
			defaultConfigurationIsVisible = 0;
			defaultConfigurationName = Release;
		};
		69E81A1823C773370054687B /* Build configuration list for PBXNativeTarget "ACKategories-iOS" */ = {
			isa = XCConfigurationList;
			buildConfigurations = (
				69E81A1923C773370054687B /* Debug */,
				69E81A1A23C773370054687B /* Release */,
			);
			defaultConfigurationIsVisible = 0;
			defaultConfigurationName = Release;
		};
		69E81A1B23C773370054687B /* Build configuration list for PBXNativeTarget "ACKategories-iOSTests" */ = {
			isa = XCConfigurationList;
			buildConfigurations = (
				69E81A1C23C773370054687B /* Debug */,
				69E81A1D23C773370054687B /* Release */,
			);
			defaultConfigurationIsVisible = 0;
			defaultConfigurationName = Release;
		};
		69EB1EA02498CDE900AF815F /* Build configuration list for PBXAggregateTarget "SwiftLint" */ = {
			isa = XCConfigurationList;
			buildConfigurations = (
				69EB1E9E2498CDE900AF815F /* Debug */,
				69EB1E9F2498CDE900AF815F /* Release */,
			);
			defaultConfigurationIsVisible = 0;
			defaultConfigurationName = Release;
		};
/* End XCConfigurationList section */
	};
	rootObject = 69E819DF23C773010054687B /* Project object */;
}
