// !$*UTF8*$!
{
	archiveVersion = 1;
	classes = {
	};
	objectVersion = 46;
	objects = {

/* Begin PBXBuildFile section */
		B4B9ECB618EA021900BF822C /* Foundation.framework in Frameworks */ = {isa = PBXBuildFile; fileRef = B4B9ECB518EA021900BF822C /* Foundation.framework */; };
		B4B9ECB818EA021900BF822C /* CoreGraphics.framework in Frameworks */ = {isa = PBXBuildFile; fileRef = B4B9ECB718EA021900BF822C /* CoreGraphics.framework */; };
		B4B9ECBA18EA021900BF822C /* UIKit.framework in Frameworks */ = {isa = PBXBuildFile; fileRef = B4B9ECB918EA021900BF822C /* UIKit.framework */; };
		B4B9ECC018EA021900BF822C /* InfoPlist.strings in Resources */ = {isa = PBXBuildFile; fileRef = B4B9ECBE18EA021900BF822C /* InfoPlist.strings */; };
		B4B9ECC218EA021900BF822C /* main.m in Sources */ = {isa = PBXBuildFile; fileRef = B4B9ECC118EA021900BF822C /* main.m */; };
		B4B9ECC618EA021900BF822C /* AppDelegate.m in Sources */ = {isa = PBXBuildFile; fileRef = B4B9ECC518EA021900BF822C /* AppDelegate.m */; };
		B4B9ECC818EA021900BF822C /* Images.xcassets in Resources */ = {isa = PBXBuildFile; fileRef = B4B9ECC718EA021900BF822C /* Images.xcassets */; };
		B4B9ECCF18EA021A00BF822C /* XCTest.framework in Frameworks */ = {isa = PBXBuildFile; fileRef = B4B9ECCE18EA021A00BF822C /* XCTest.framework */; };
		B4B9ECD018EA021A00BF822C /* Foundation.framework in Frameworks */ = {isa = PBXBuildFile; fileRef = B4B9ECB518EA021900BF822C /* Foundation.framework */; };
		B4B9ECD118EA021A00BF822C /* UIKit.framework in Frameworks */ = {isa = PBXBuildFile; fileRef = B4B9ECB918EA021900BF822C /* UIKit.framework */; };
		B4B9ECD918EA021A00BF822C /* InfoPlist.strings in Resources */ = {isa = PBXBuildFile; fileRef = B4B9ECD718EA021A00BF822C /* InfoPlist.strings */; };
		B4B9ECDB18EA021A00BF822C /* ACKategoriesTests.m in Sources */ = {isa = PBXBuildFile; fileRef = B4B9ECDA18EA021A00BF822C /* ACKategoriesTests.m */; };
/* End PBXBuildFile section */

/* Begin PBXContainerItemProxy section */
		B4B9ECD218EA021A00BF822C /* PBXContainerItemProxy */ = {
			isa = PBXContainerItemProxy;
			containerPortal = B4B9ECAA18EA021900BF822C /* Project object */;
			proxyType = 1;
			remoteGlobalIDString = B4B9ECB118EA021900BF822C;
			remoteInfo = ACKategories;
		};
/* End PBXContainerItemProxy section */

/* Begin PBXFileReference section */
		B4B9ECB218EA021900BF822C /* ACKategories.app */ = {isa = PBXFileReference; explicitFileType = wrapper.application; includeInIndex = 0; path = ACKategories.app; sourceTree = BUILT_PRODUCTS_DIR; };
		B4B9ECB518EA021900BF822C /* Foundation.framework */ = {isa = PBXFileReference; lastKnownFileType = wrapper.framework; name = Foundation.framework; path = System/Library/Frameworks/Foundation.framework; sourceTree = SDKROOT; };
		B4B9ECB718EA021900BF822C /* CoreGraphics.framework */ = {isa = PBXFileReference; lastKnownFileType = wrapper.framework; name = CoreGraphics.framework; path = System/Library/Frameworks/CoreGraphics.framework; sourceTree = SDKROOT; };
		B4B9ECB918EA021900BF822C /* UIKit.framework */ = {isa = PBXFileReference; lastKnownFileType = wrapper.framework; name = UIKit.framework; path = System/Library/Frameworks/UIKit.framework; sourceTree = SDKROOT; };
		B4B9ECBD18EA021900BF822C /* ACKategories-Info.plist */ = {isa = PBXFileReference; lastKnownFileType = text.plist.xml; path = "ACKategories-Info.plist"; sourceTree = "<group>"; };
		B4B9ECBF18EA021900BF822C /* en */ = {isa = PBXFileReference; lastKnownFileType = text.plist.strings; name = en; path = en.lproj/InfoPlist.strings; sourceTree = "<group>"; };
		B4B9ECC118EA021900BF822C /* main.m */ = {isa = PBXFileReference; lastKnownFileType = sourcecode.c.objc; path = main.m; sourceTree = "<group>"; };
		B4B9ECC318EA021900BF822C /* ACKategories-Prefix.pch */ = {isa = PBXFileReference; lastKnownFileType = sourcecode.c.h; path = "ACKategories-Prefix.pch"; sourceTree = "<group>"; };
		B4B9ECC418EA021900BF822C /* AppDelegate.h */ = {isa = PBXFileReference; lastKnownFileType = sourcecode.c.h; path = AppDelegate.h; sourceTree = "<group>"; };
		B4B9ECC518EA021900BF822C /* AppDelegate.m */ = {isa = PBXFileReference; lastKnownFileType = sourcecode.c.objc; path = AppDelegate.m; sourceTree = "<group>"; };
		B4B9ECC718EA021900BF822C /* Images.xcassets */ = {isa = PBXFileReference; lastKnownFileType = folder.assetcatalog; path = Images.xcassets; sourceTree = "<group>"; };
		B4B9ECCD18EA021A00BF822C /* ACKategoriesTests.xctest */ = {isa = PBXFileReference; explicitFileType = wrapper.cfbundle; includeInIndex = 0; path = ACKategoriesTests.xctest; sourceTree = BUILT_PRODUCTS_DIR; };
		B4B9ECCE18EA021A00BF822C /* XCTest.framework */ = {isa = PBXFileReference; lastKnownFileType = wrapper.framework; name = XCTest.framework; path = Library/Frameworks/XCTest.framework; sourceTree = DEVELOPER_DIR; };
		B4B9ECD618EA021A00BF822C /* ACKategoriesTests-Info.plist */ = {isa = PBXFileReference; lastKnownFileType = text.plist.xml; path = "ACKategoriesTests-Info.plist"; sourceTree = "<group>"; };
		B4B9ECD818EA021A00BF822C /* en */ = {isa = PBXFileReference; lastKnownFileType = text.plist.strings; name = en; path = en.lproj/InfoPlist.strings; sourceTree = "<group>"; };
		B4B9ECDA18EA021A00BF822C /* ACKategoriesTests.m */ = {isa = PBXFileReference; lastKnownFileType = sourcecode.c.objc; path = ACKategoriesTests.m; sourceTree = "<group>"; };
/* End PBXFileReference section */

/* Begin PBXFrameworksBuildPhase section */
		B4B9ECAF18EA021900BF822C /* Frameworks */ = {
			isa = PBXFrameworksBuildPhase;
			buildActionMask = 2147483647;
			files = (
				B4B9ECB818EA021900BF822C /* CoreGraphics.framework in Frameworks */,
				B4B9ECBA18EA021900BF822C /* UIKit.framework in Frameworks */,
				B4B9ECB618EA021900BF822C /* Foundation.framework in Frameworks */,
			);
			runOnlyForDeploymentPostprocessing = 0;
		};
		B4B9ECCA18EA021A00BF822C /* Frameworks */ = {
			isa = PBXFrameworksBuildPhase;
			buildActionMask = 2147483647;
			files = (
				B4B9ECCF18EA021A00BF822C /* XCTest.framework in Frameworks */,
				B4B9ECD118EA021A00BF822C /* UIKit.framework in Frameworks */,
				B4B9ECD018EA021A00BF822C /* Foundation.framework in Frameworks */,
			);
			runOnlyForDeploymentPostprocessing = 0;
		};
/* End PBXFrameworksBuildPhase section */

/* Begin PBXGroup section */
		B4B9ECA918EA021900BF822C = {
			isa = PBXGroup;
			children = (
				B4B9ECBB18EA021900BF822C /* ACKategories */,
				B4B9ECD418EA021A00BF822C /* ACKategoriesTests */,
				B4B9ECB418EA021900BF822C /* Frameworks */,
				B4B9ECB318EA021900BF822C /* Products */,
			);
			sourceTree = "<group>";
		};
		B4B9ECB318EA021900BF822C /* Products */ = {
			isa = PBXGroup;
			children = (
				B4B9ECB218EA021900BF822C /* ACKategories.app */,
				B4B9ECCD18EA021A00BF822C /* ACKategoriesTests.xctest */,
			);
			name = Products;
			sourceTree = "<group>";
		};
		B4B9ECB418EA021900BF822C /* Frameworks */ = {
			isa = PBXGroup;
			children = (
				B4B9ECB518EA021900BF822C /* Foundation.framework */,
				B4B9ECB718EA021900BF822C /* CoreGraphics.framework */,
				B4B9ECB918EA021900BF822C /* UIKit.framework */,
				B4B9ECCE18EA021A00BF822C /* XCTest.framework */,
			);
			name = Frameworks;
			sourceTree = "<group>";
		};
		B4B9ECBB18EA021900BF822C /* ACKategories */ = {
			isa = PBXGroup;
			children = (
				B4B9ECC418EA021900BF822C /* AppDelegate.h */,
				B4B9ECC518EA021900BF822C /* AppDelegate.m */,
				B4B9ECC718EA021900BF822C /* Images.xcassets */,
				B4B9ECBC18EA021900BF822C /* Supporting Files */,
			);
			path = ACKategories;
			sourceTree = "<group>";
		};
		B4B9ECBC18EA021900BF822C /* Supporting Files */ = {
			isa = PBXGroup;
			children = (
				B4B9ECBD18EA021900BF822C /* ACKategories-Info.plist */,
				B4B9ECBE18EA021900BF822C /* InfoPlist.strings */,
				B4B9ECC118EA021900BF822C /* main.m */,
				B4B9ECC318EA021900BF822C /* ACKategories-Prefix.pch */,
			);
			name = "Supporting Files";
			sourceTree = "<group>";
		};
		B4B9ECD418EA021A00BF822C /* ACKategoriesTests */ = {
			isa = PBXGroup;
			children = (
				B4B9ECDA18EA021A00BF822C /* ACKategoriesTests.m */,
				B4B9ECD518EA021A00BF822C /* Supporting Files */,
			);
			path = ACKategoriesTests;
			sourceTree = "<group>";
		};
		B4B9ECD518EA021A00BF822C /* Supporting Files */ = {
			isa = PBXGroup;
			children = (
				B4B9ECD618EA021A00BF822C /* ACKategoriesTests-Info.plist */,
				B4B9ECD718EA021A00BF822C /* InfoPlist.strings */,
			);
			name = "Supporting Files";
			sourceTree = "<group>";
		};
/* End PBXGroup section */

/* Begin PBXNativeTarget section */
		B4B9ECB118EA021900BF822C /* ACKategories */ = {
			isa = PBXNativeTarget;
			buildConfigurationList = B4B9ECDE18EA021A00BF822C /* Build configuration list for PBXNativeTarget "ACKategories" */;
			buildPhases = (
				B4B9ECAE18EA021900BF822C /* Sources */,
				B4B9ECAF18EA021900BF822C /* Frameworks */,
				B4B9ECB018EA021900BF822C /* Resources */,
			);
			buildRules = (
			);
			dependencies = (
			);
			name = ACKategories;
			productName = ACKategories;
			productReference = B4B9ECB218EA021900BF822C /* ACKategories.app */;
			productType = "com.apple.product-type.application";
		};
		B4B9ECCC18EA021A00BF822C /* ACKategoriesTests */ = {
			isa = PBXNativeTarget;
			buildConfigurationList = B4B9ECE118EA021A00BF822C /* Build configuration list for PBXNativeTarget "ACKategoriesTests" */;
			buildPhases = (
				B4B9ECC918EA021A00BF822C /* Sources */,
				B4B9ECCA18EA021A00BF822C /* Frameworks */,
				B4B9ECCB18EA021A00BF822C /* Resources */,
			);
			buildRules = (
			);
			dependencies = (
				B4B9ECD318EA021A00BF822C /* PBXTargetDependency */,
			);
			name = ACKategoriesTests;
			productName = ACKategoriesTests;
			productReference = B4B9ECCD18EA021A00BF822C /* ACKategoriesTests.xctest */;
			productType = "com.apple.product-type.bundle.unit-test";
		};
/* End PBXNativeTarget section */

/* Begin PBXProject section */
		B4B9ECAA18EA021900BF822C /* Project object */ = {
			isa = PBXProject;
			attributes = {
				LastUpgradeCheck = 0510;
				ORGANIZATIONNAME = "Dominik Veselý";
				TargetAttributes = {
					B4B9ECCC18EA021A00BF822C = {
						TestTargetID = B4B9ECB118EA021900BF822C;
					};
				};
			};
			buildConfigurationList = B4B9ECAD18EA021900BF822C /* Build configuration list for PBXProject "ACKategories" */;
			compatibilityVersion = "Xcode 3.2";
			developmentRegion = English;
			hasScannedForEncodings = 0;
			knownRegions = (
				en,
			);
			mainGroup = B4B9ECA918EA021900BF822C;
			productRefGroup = B4B9ECB318EA021900BF822C /* Products */;
			projectDirPath = "";
			projectRoot = "";
			targets = (
				B4B9ECB118EA021900BF822C /* ACKategories */,
				B4B9ECCC18EA021A00BF822C /* ACKategoriesTests */,
			);
		};
/* End PBXProject section */

/* Begin PBXResourcesBuildPhase section */
		B4B9ECB018EA021900BF822C /* Resources */ = {
			isa = PBXResourcesBuildPhase;
			buildActionMask = 2147483647;
			files = (
				B4B9ECC018EA021900BF822C /* InfoPlist.strings in Resources */,
				B4B9ECC818EA021900BF822C /* Images.xcassets in Resources */,
			);
			runOnlyForDeploymentPostprocessing = 0;
		};
		B4B9ECCB18EA021A00BF822C /* Resources */ = {
			isa = PBXResourcesBuildPhase;
			buildActionMask = 2147483647;
			files = (
				B4B9ECD918EA021A00BF822C /* InfoPlist.strings in Resources */,
			);
			runOnlyForDeploymentPostprocessing = 0;
		};
/* End PBXResourcesBuildPhase section */

/* Begin PBXSourcesBuildPhase section */
		B4B9ECAE18EA021900BF822C /* Sources */ = {
			isa = PBXSourcesBuildPhase;
			buildActionMask = 2147483647;
			files = (
				B4B9ECC618EA021900BF822C /* AppDelegate.m in Sources */,
				B4B9ECC218EA021900BF822C /* main.m in Sources */,
			);
			runOnlyForDeploymentPostprocessing = 0;
		};
		B4B9ECC918EA021A00BF822C /* Sources */ = {
			isa = PBXSourcesBuildPhase;
			buildActionMask = 2147483647;
			files = (
				B4B9ECDB18EA021A00BF822C /* ACKategoriesTests.m in Sources */,
			);
			runOnlyForDeploymentPostprocessing = 0;
		};
/* End PBXSourcesBuildPhase section */

/* Begin PBXTargetDependency section */
		B4B9ECD318EA021A00BF822C /* PBXTargetDependency */ = {
			isa = PBXTargetDependency;
			target = B4B9ECB118EA021900BF822C /* ACKategories */;
			targetProxy = B4B9ECD218EA021A00BF822C /* PBXContainerItemProxy */;
		};
/* End PBXTargetDependency section */

/* Begin PBXVariantGroup section */
		B4B9ECBE18EA021900BF822C /* InfoPlist.strings */ = {
			isa = PBXVariantGroup;
			children = (
				B4B9ECBF18EA021900BF822C /* en */,
			);
			name = InfoPlist.strings;
			sourceTree = "<group>";
		};
		B4B9ECD718EA021A00BF822C /* InfoPlist.strings */ = {
			isa = PBXVariantGroup;
			children = (
				B4B9ECD818EA021A00BF822C /* en */,
			);
			name = InfoPlist.strings;
			sourceTree = "<group>";
		};
/* End PBXVariantGroup section */

/* Begin XCBuildConfiguration section */
		B4B9ECDC18EA021A00BF822C /* Debug */ = {
			isa = XCBuildConfiguration;
			buildSettings = {
				ALWAYS_SEARCH_USER_PATHS = NO;
				CLANG_CXX_LANGUAGE_STANDARD = "gnu++0x";
				CLANG_CXX_LIBRARY = "libc++";
				CLANG_ENABLE_MODULES = YES;
				CLANG_ENABLE_OBJC_ARC = YES;
				CLANG_WARN_BOOL_CONVERSION = YES;
				CLANG_WARN_CONSTANT_CONVERSION = YES;
				CLANG_WARN_DIRECT_OBJC_ISA_USAGE = YES_ERROR;
				CLANG_WARN_EMPTY_BODY = YES;
				CLANG_WARN_ENUM_CONVERSION = YES;
				CLANG_WARN_INT_CONVERSION = YES;
				CLANG_WARN_OBJC_ROOT_CLASS = YES_ERROR;
				CLANG_WARN__DUPLICATE_METHOD_MATCH = YES;
				"CODE_SIGN_IDENTITY[sdk=iphoneos*]" = "iPhone Developer";
				COPY_PHASE_STRIP = NO;
				GCC_C_LANGUAGE_STANDARD = gnu99;
				GCC_DYNAMIC_NO_PIC = NO;
				GCC_OPTIMIZATION_LEVEL = 0;
				GCC_PREPROCESSOR_DEFINITIONS = (
					"DEBUG=1",
					"$(inherited)",
				);
				GCC_SYMBOLS_PRIVATE_EXTERN = NO;
				GCC_WARN_64_TO_32_BIT_CONVERSION = YES;
				GCC_WARN_ABOUT_RETURN_TYPE = YES_ERROR;
				GCC_WARN_UNDECLARED_SELECTOR = YES;
				GCC_WARN_UNINITIALIZED_AUTOS = YES_AGGRESSIVE;
				GCC_WARN_UNUSED_FUNCTION = YES;
				GCC_WARN_UNUSED_VARIABLE = YES;
				IPHONEOS_DEPLOYMENT_TARGET = 7.1;
				ONLY_ACTIVE_ARCH = YES;
				SDKROOT = iphoneos;
			};
			name = Debug;
		};
		B4B9ECDD18EA021A00BF822C /* Release */ = {
			isa = XCBuildConfiguration;
			buildSettings = {
				ALWAYS_SEARCH_USER_PATHS = NO;
				CLANG_CXX_LANGUAGE_STANDARD = "gnu++0x";
				CLANG_CXX_LIBRARY = "libc++";
				CLANG_ENABLE_MODULES = YES;
				CLANG_ENABLE_OBJC_ARC = YES;
				CLANG_WARN_BOOL_CONVERSION = YES;
				CLANG_WARN_CONSTANT_CONVERSION = YES;
				CLANG_WARN_DIRECT_OBJC_ISA_USAGE = YES_ERROR;
				CLANG_WARN_EMPTY_BODY = YES;
				CLANG_WARN_ENUM_CONVERSION = YES;
				CLANG_WARN_INT_CONVERSION = YES;
				CLANG_WARN_OBJC_ROOT_CLASS = YES_ERROR;
				CLANG_WARN__DUPLICATE_METHOD_MATCH = YES;
				"CODE_SIGN_IDENTITY[sdk=iphoneos*]" = "iPhone Developer";
				COPY_PHASE_STRIP = YES;
				ENABLE_NS_ASSERTIONS = NO;
				GCC_C_LANGUAGE_STANDARD = gnu99;
				GCC_WARN_64_TO_32_BIT_CONVERSION = YES;
				GCC_WARN_ABOUT_RETURN_TYPE = YES_ERROR;
				GCC_WARN_UNDECLARED_SELECTOR = YES;
				GCC_WARN_UNINITIALIZED_AUTOS = YES_AGGRESSIVE;
				GCC_WARN_UNUSED_FUNCTION = YES;
				GCC_WARN_UNUSED_VARIABLE = YES;
				IPHONEOS_DEPLOYMENT_TARGET = 7.1;
				SDKROOT = iphoneos;
				VALIDATE_PRODUCT = YES;
			};
			name = Release;
		};
		B4B9ECDF18EA021A00BF822C /* Debug */ = {
			isa = XCBuildConfiguration;
			buildSettings = {
				ASSETCATALOG_COMPILER_APPICON_NAME = AppIcon;
				ASSETCATALOG_COMPILER_LAUNCHIMAGE_NAME = LaunchImage;
				GCC_PRECOMPILE_PREFIX_HEADER = YES;
				GCC_PREFIX_HEADER = "ACKategories/ACKategories-Prefix.pch";
				INFOPLIST_FILE = "ACKategories/ACKategories-Info.plist";
				PRODUCT_NAME = "$(TARGET_NAME)";
				WRAPPER_EXTENSION = app;
			};
			name = Debug;
		};
		B4B9ECE018EA021A00BF822C /* Release */ = {
			isa = XCBuildConfiguration;
			buildSettings = {
				ASSETCATALOG_COMPILER_APPICON_NAME = AppIcon;
				ASSETCATALOG_COMPILER_LAUNCHIMAGE_NAME = LaunchImage;
				GCC_PRECOMPILE_PREFIX_HEADER = YES;
				GCC_PREFIX_HEADER = "ACKategories/ACKategories-Prefix.pch";
				INFOPLIST_FILE = "ACKategories/ACKategories-Info.plist";
				PRODUCT_NAME = "$(TARGET_NAME)";
				WRAPPER_EXTENSION = app;
			};
			name = Release;
		};
		B4B9ECE218EA021A00BF822C /* Debug */ = {
			isa = XCBuildConfiguration;
			buildSettings = {
				BUNDLE_LOADER = "$(BUILT_PRODUCTS_DIR)/ACKategories.app/ACKategories";
				FRAMEWORK_SEARCH_PATHS = (
					"$(SDKROOT)/Developer/Library/Frameworks",
					"$(inherited)",
					"$(DEVELOPER_FRAMEWORKS_DIR)",
				);
				GCC_PRECOMPILE_PREFIX_HEADER = YES;
				GCC_PREFIX_HEADER = "ACKategories/ACKategories-Prefix.pch";
				GCC_PREPROCESSOR_DEFINITIONS = (
					"DEBUG=1",
					"$(inherited)",
				);
				INFOPLIST_FILE = "ACKategoriesTests/ACKategoriesTests-Info.plist";
				PRODUCT_NAME = "$(TARGET_NAME)";
				TEST_HOST = "$(BUNDLE_LOADER)";
				WRAPPER_EXTENSION = xctest;
			};
			name = Debug;
		};
		B4B9ECE318EA021A00BF822C /* Release */ = {
			isa = XCBuildConfiguration;
			buildSettings = {
				BUNDLE_LOADER = "$(BUILT_PRODUCTS_DIR)/ACKategories.app/ACKategories";
				FRAMEWORK_SEARCH_PATHS = (
					"$(SDKROOT)/Developer/Library/Frameworks",
					"$(inherited)",
					"$(DEVELOPER_FRAMEWORKS_DIR)",
				);
				GCC_PRECOMPILE_PREFIX_HEADER = YES;
				GCC_PREFIX_HEADER = "ACKategories/ACKategories-Prefix.pch";
				INFOPLIST_FILE = "ACKategoriesTests/ACKategoriesTests-Info.plist";
				PRODUCT_NAME = "$(TARGET_NAME)";
				TEST_HOST = "$(BUNDLE_LOADER)";
				WRAPPER_EXTENSION = xctest;
			};
			name = Release;
		};
/* End XCBuildConfiguration section */

/* Begin XCConfigurationList section */
		B4B9ECAD18EA021900BF822C /* Build configuration list for PBXProject "ACKategories" */ = {
			isa = XCConfigurationList;
			buildConfigurations = (
				B4B9ECDC18EA021A00BF822C /* Debug */,
				B4B9ECDD18EA021A00BF822C /* Release */,
			);
			defaultConfigurationIsVisible = 0;
			defaultConfigurationName = Release;
		};
		B4B9ECDE18EA021A00BF822C /* Build configuration list for PBXNativeTarget "ACKategories" */ = {
			isa = XCConfigurationList;
			buildConfigurations = (
				B4B9ECDF18EA021A00BF822C /* Debug */,
				B4B9ECE018EA021A00BF822C /* Release */,
			);
			defaultConfigurationIsVisible = 0;
		};
		B4B9ECE118EA021A00BF822C /* Build configuration list for PBXNativeTarget "ACKategoriesTests" */ = {
			isa = XCConfigurationList;
			buildConfigurations = (
				B4B9ECE218EA021A00BF822C /* Debug */,
				B4B9ECE318EA021A00BF822C /* Release */,
			);
			defaultConfigurationIsVisible = 0;
		};
/* End XCConfigurationList section */
	};
	rootObject = B4B9ECAA18EA021900BF822C /* Project object */;
}
